// !$*UTF8*$!
{
	archiveVersion = 1;
	classes = {
	};
	objectVersion = 56;
	objects = {

/* Begin PBXBuildFile section */
		8B01B9B32B8B96B5008A0AA7 /* AppointmentsListView.swift in Sources */ = {isa = PBXBuildFile; fileRef = 8B01B9B22B8B96B5008A0AA7 /* AppointmentsListView.swift */; };
		8B01B9B62B8BB7C6008A0AA7 /* AddPatientView.swift in Sources */ = {isa = PBXBuildFile; fileRef = 8B01B9B52B8BB7C6008A0AA7 /* AddPatientView.swift */; };
		8B01B9B82B8BB89F008A0AA7 /* PatientsList.swift in Sources */ = {isa = PBXBuildFile; fileRef = 8B01B9B72B8BB89F008A0AA7 /* PatientsList.swift */; };
		8B0FE9E22B56F553003F474B /* SideBySideScreen.swift in Sources */ = {isa = PBXBuildFile; fileRef = 8B0FE9E12B56F553003F474B /* SideBySideScreen.swift */; };
		8B0FE9E52B56F5B8003F474B /* SearchBar.swift in Sources */ = {isa = PBXBuildFile; fileRef = 8B0FE9E42B56F5B8003F474B /* SearchBar.swift */; };
		8B0FE9E82B56F66D003F474B /* PhoneNumberTextField.swift in Sources */ = {isa = PBXBuildFile; fileRef = 8B0FE9E72B56F66D003F474B /* PhoneNumberTextField.swift */; };
		8B0FE9EB2B56F6CC003F474B /* DoctorView.swift in Sources */ = {isa = PBXBuildFile; fileRef = 8B0FE9EA2B56F6CC003F474B /* DoctorView.swift */; };
		8B0FE9EF2B56F81C003F474B /* DatePickerDateView.swift in Sources */ = {isa = PBXBuildFile; fileRef = 8B0FE9EE2B56F81C003F474B /* DatePickerDateView.swift */; };
		8B183BA62B865F9700FA1D46 /* PaymentDetailView.swift in Sources */ = {isa = PBXBuildFile; fileRef = 8B183BA52B865F9700FA1D46 /* PaymentDetailView.swift */; };
		8B183BA92B86601B00FA1D46 /* Ledger.swift in Sources */ = {isa = PBXBuildFile; fileRef = 8B183BA82B86601B00FA1D46 /* Ledger.swift */; };
		8B183BAB2B86605900FA1D46 /* Payment.swift in Sources */ = {isa = PBXBuildFile; fileRef = 8B183BAA2B86605900FA1D46 /* Payment.swift */; };
		8B183BAD2B86606400FA1D46 /* Report.swift in Sources */ = {isa = PBXBuildFile; fileRef = 8B183BAC2B86606400FA1D46 /* Report.swift */; };
		8B183BAF2B8661C000FA1D46 /* Payment.Purpose.swift in Sources */ = {isa = PBXBuildFile; fileRef = 8B183BAE2B8661C000FA1D46 /* Payment.Purpose.swift */; };
		8B183BB12B8661E800FA1D46 /* Payment.Method.swift in Sources */ = {isa = PBXBuildFile; fileRef = 8B183BB02B8661E800FA1D46 /* Payment.Method.swift */; };
		8B183BB42B866D0F00FA1D46 /* BillTemplate.swift in Sources */ = {isa = PBXBuildFile; fileRef = 8B183BB32B866D0F00FA1D46 /* BillTemplate.swift */; };
		8B183BB62B867A3100FA1D46 /* PaymentsView.swift in Sources */ = {isa = PBXBuildFile; fileRef = 8B183BB52B867A3100FA1D46 /* PaymentsView.swift */; };
		8B285F412B4DB8D600C29E20 /* MinusBoxToggleStyle.swift in Sources */ = {isa = PBXBuildFile; fileRef = 8B285F402B4DB8D600C29E20 /* MinusBoxToggleStyle.swift */; };
		8B285F442B4DC81800C29E20 /* PersonImageView.swift in Sources */ = {isa = PBXBuildFile; fileRef = 8B285F432B4DC81800C29E20 /* PersonImageView.swift */; };
		8B285F472B4DCD3D00C29E20 /* DateText.swift in Sources */ = {isa = PBXBuildFile; fileRef = 8B285F462B4DCD3D00C29E20 /* DateText.swift */; };
		8B285F492B4DCD7B00C29E20 /* DurationLabel.swift in Sources */ = {isa = PBXBuildFile; fileRef = 8B285F482B4DCD7B00C29E20 /* DurationLabel.swift */; };
		8B2E70A62BB9ACAE00012C09 /* PhoneNumberEditView.swift in Sources */ = {isa = PBXBuildFile; fileRef = 8B2E70A52BB9ACAE00012C09 /* PhoneNumberEditView.swift */; };
		8B3742652BA068BA00ED8DB7 /* User.swift in Sources */ = {isa = PBXBuildFile; fileRef = 8B3742642BA068BA00ED8DB7 /* User.swift */; };
		8B40CF052BB5B26C00D3832B /* MessageError.swift in Sources */ = {isa = PBXBuildFile; fileRef = 8B40CF042BB5B26C00D3832B /* MessageError.swift */; };
		8B45E6112BB5588800834AE6 /* AnonymousUser.swift in Sources */ = {isa = PBXBuildFile; fileRef = 8B45E6102BB5588800834AE6 /* AnonymousUser.swift */; };
		8B45E6152BB55E0900834AE6 /* UserKey.swift in Sources */ = {isa = PBXBuildFile; fileRef = 8B45E6142BB55E0900834AE6 /* UserKey.swift */; };
		8B45E61C2BB5650500834AE6 /* UserView.swift in Sources */ = {isa = PBXBuildFile; fileRef = 8B45E61B2BB5650500834AE6 /* UserView.swift */; };
		8B45E61F2BB56BC300834AE6 /* UserDetailScreen.swift in Sources */ = {isa = PBXBuildFile; fileRef = 8B45E61E2BB56BC300834AE6 /* UserDetailScreen.swift */; };
		8B4C22BB2B98E7EC00328BCD /* Payment.Subject.swift in Sources */ = {isa = PBXBuildFile; fileRef = 8B4C22BA2B98E7EC00328BCD /* Payment.Subject.swift */; };
		8B5B49C32BA4C60B006867EF /* PatientsChart.swift in Sources */ = {isa = PBXBuildFile; fileRef = 8B5B49C22BA4C60B006867EF /* PatientsChart.swift */; };
		8B69A1422B8D134400458F33 /* BillScreen.swift in Sources */ = {isa = PBXBuildFile; fileRef = 8B69A1412B8D134400458F33 /* BillScreen.swift */; };
		8B6BAA022B8DD193000FF417 /* ServicesTable.swift in Sources */ = {isa = PBXBuildFile; fileRef = 8B6BAA012B8DD193000FF417 /* ServicesTable.swift */; };
		8B6BAA072B8DD508000FF417 /* PriceCalculationView.swift in Sources */ = {isa = PBXBuildFile; fileRef = 8B6BAA062B8DD508000FF417 /* PriceCalculationView.swift */; };
		8B6BAA0A2B8DD880000FF417 /* BillPaymentView.swift in Sources */ = {isa = PBXBuildFile; fileRef = 8B6BAA092B8DD880000FF417 /* BillPaymentView.swift */; };
		8B6BAA0D2B8DE508000FF417 /* CreateBillTemplateView.swift in Sources */ = {isa = PBXBuildFile; fileRef = 8B6BAA0C2B8DE508000FF417 /* CreateBillTemplateView.swift */; };
		8B6BAA102B8DE9B4000FF417 /* CompletedAppointmentView.swift in Sources */ = {isa = PBXBuildFile; fileRef = 8B6BAA0F2B8DE9B4000FF417 /* CompletedAppointmentView.swift */; };
		8B6C68632BBB365000F08486 /* DoctorsChart.swift in Sources */ = {isa = PBXBuildFile; fileRef = 8B6C68622BBB365000F08486 /* DoctorsChart.swift */; };
		8B6C68652BBB390F00F08486 /* SchedulesChart.swift in Sources */ = {isa = PBXBuildFile; fileRef = 8B6C68642BBB390F00F08486 /* SchedulesChart.swift */; };
		8B7491DF2BBA943D0016FDE9 /* NameEditView.swift in Sources */ = {isa = PBXBuildFile; fileRef = 8B7491DE2BBA943D0016FDE9 /* NameEditView.swift */; };
		8B7491E22BBADE410016FDE9 /* DoctorSettingsView.swift in Sources */ = {isa = PBXBuildFile; fileRef = 8B7491E12BBADE410016FDE9 /* DoctorSettingsView.swift */; };
		8B78013E2B87B7A00064DBFB /* ScheduleScreen.swift in Sources */ = {isa = PBXBuildFile; fileRef = 8B78013D2B87B7A00064DBFB /* ScheduleScreen.swift */; };
		8B7801412B87B7EA0064DBFB /* OffsetKey.swift in Sources */ = {isa = PBXBuildFile; fileRef = 8B7801402B87B7EA0064DBFB /* OffsetKey.swift */; };
		8B7801432B87B80D0064DBFB /* WeekdayPickerView.swift in Sources */ = {isa = PBXBuildFile; fileRef = 8B7801422B87B80D0064DBFB /* WeekdayPickerView.swift */; };
		8B7801462B87B8BC0064DBFB /* ScheduleChart.swift in Sources */ = {isa = PBXBuildFile; fileRef = 8B7801452B87B8BC0064DBFB /* ScheduleChart.swift */; };
		8B7801492B87B9A60064DBFB /* PatientAppointment.swift in Sources */ = {isa = PBXBuildFile; fileRef = 8B7801482B87B9A60064DBFB /* PatientAppointment.swift */; };
		8B78014C2B87BFD70064DBFB /* CreateDoctorScheduleView.swift in Sources */ = {isa = PBXBuildFile; fileRef = 8B78014B2B87BFD70064DBFB /* CreateDoctorScheduleView.swift */; };
		8B78014F2B87C32B0064DBFB /* DoctorSelectionView.swift in Sources */ = {isa = PBXBuildFile; fileRef = 8B78014E2B87C32B0064DBFB /* DoctorSelectionView.swift */; };
		8B7A3C002B8C7C5300A48646 /* DoctorPayoutView.swift in Sources */ = {isa = PBXBuildFile; fileRef = 8B7A3BFF2B8C7C5300A48646 /* DoctorPayoutView.swift */; };
		8B7A3C032B8C8EBC00A48646 /* DoctorFutureSchedulesView.swift in Sources */ = {isa = PBXBuildFile; fileRef = 8B7A3C022B8C8EBC00A48646 /* DoctorFutureSchedulesView.swift */; };
		8B7AC6632BBE99EE004653FA /* UpdateBalanceView.swift in Sources */ = {isa = PBXBuildFile; fileRef = 8B7AC6622BBE99EE004653FA /* UpdateBalanceView.swift */; };
		8B7D5C7D2B592B3400E46AD8 /* Algorithms in Frameworks */ = {isa = PBXBuildFile; productRef = 8B7D5C7C2B592B3400E46AD8 /* Algorithms */; };
		8B7EA85E2BA335C400DE722C /* CashboxReportingView.swift in Sources */ = {isa = PBXBuildFile; fileRef = 8B7EA85D2BA335C400DE722C /* CashboxReportingView.swift */; };
		8B7EA8612BA36F2E00DE722C /* SuperUser.swift in Sources */ = {isa = PBXBuildFile; fileRef = 8B7EA8602BA36F2E00DE722C /* SuperUser.swift */; };
		8B8AE9832B57F9F9001A9143 /* DoctorDetailScreen.swift in Sources */ = {isa = PBXBuildFile; fileRef = 8B8AE9822B57F9F9001A9143 /* DoctorDetailScreen.swift */; };
		8B8AE9872B57FA46001A9143 /* CreateDoctorView.swift in Sources */ = {isa = PBXBuildFile; fileRef = 8B8AE9862B57FA46001A9143 /* CreateDoctorView.swift */; };
		8B8AE9892B57FAA3001A9143 /* PhotosPickerViewModel.swift in Sources */ = {isa = PBXBuildFile; fileRef = 8B8AE9882B57FAA3001A9143 /* PhotosPickerViewModel.swift */; };
		8B8AE98C2B5811B8001A9143 /* PricelistItem.swift in Sources */ = {isa = PBXBuildFile; fileRef = 8B8AE98B2B5811B8001A9143 /* PricelistItem.swift */; };
		8B8AE98F2B58486A001A9143 /* CatalogToolbarViewModifier.swift in Sources */ = {isa = PBXBuildFile; fileRef = 8B8AE98E2B58486A001A9143 /* CatalogToolbarViewModifier.swift */; };
		8B8AE9912B584BFC001A9143 /* PricelistView.swift in Sources */ = {isa = PBXBuildFile; fileRef = 8B8AE9902B584BFC001A9143 /* PricelistView.swift */; };
		8B8B188A2B88D4B0006ABD82 /* SchedulesListView.swift in Sources */ = {isa = PBXBuildFile; fileRef = 8B8B18892B88D4B0006ABD82 /* SchedulesListView.swift */; };
		8B8B188C2B88D51C006ABD82 /* AppointmentsRegisterScreen.swift in Sources */ = {isa = PBXBuildFile; fileRef = 8B8B188B2B88D51C006ABD82 /* AppointmentsRegisterScreen.swift */; };
		8B8B188F2B88D7B4006ABD82 /* DoctorScheduleHeaderView.swift in Sources */ = {isa = PBXBuildFile; fileRef = 8B8B188E2B88D7B4006ABD82 /* DoctorScheduleHeaderView.swift */; };
		8B8B18922B88D8F0006ABD82 /* AppointmentView.swift in Sources */ = {isa = PBXBuildFile; fileRef = 8B8B18912B88D8F0006ABD82 /* AppointmentView.swift */; };
		8B8DA9602BA1CF6500F6F847 /* LoginScreen.swift in Sources */ = {isa = PBXBuildFile; fileRef = 8B8DA95F2BA1CF6500F6F847 /* LoginScreen.swift */; };
		8B8DA9632BA1E5AC00F6F847 /* MessageService.swift in Sources */ = {isa = PBXBuildFile; fileRef = 8B8DA9622BA1E5AC00F6F847 /* MessageService.swift */; };
		8B8DA9652BA1E5E900F6F847 /* MessageServiceClient.swift in Sources */ = {isa = PBXBuildFile; fileRef = 8B8DA9642BA1E5E900F6F847 /* MessageServiceClient.swift */; };
		8B8DA9672BA209E700F6F847 /* MessageEntity.swift in Sources */ = {isa = PBXBuildFile; fileRef = 8B8DA9662BA209E700F6F847 /* MessageEntity.swift */; };
		8B8DA9692BA20F1C00F6F847 /* Message.swift in Sources */ = {isa = PBXBuildFile; fileRef = 8B8DA9682BA20F1C00F6F847 /* Message.swift */; };
		8B8DA96D2BA210D700F6F847 /* ArtmedicsServices.swift in Sources */ = {isa = PBXBuildFile; fileRef = 8B8DA96C2BA210D700F6F847 /* ArtmedicsServices.swift */; };
		8B8DA96F2BA213BD00F6F847 /* MessageController.swift in Sources */ = {isa = PBXBuildFile; fileRef = 8B8DA96E2BA213BD00F6F847 /* MessageController.swift */; };
		8B92B56A2B8797C8004E0675 /* CashboxScreen.swift in Sources */ = {isa = PBXBuildFile; fileRef = 8B92B5692B8797C8004E0675 /* CashboxScreen.swift */; };
		8B92B56E2B87AB1F004E0675 /* ReportView.swift in Sources */ = {isa = PBXBuildFile; fileRef = 8B92B56D2B87AB1F004E0675 /* ReportView.swift */; };
		8B92B5702B87AC80004E0675 /* CreateSpendingView.swift in Sources */ = {isa = PBXBuildFile; fileRef = 8B92B56F2B87AC80004E0675 /* CreateSpendingView.swift */; };
		8B9673862B36187D00FD2E7C /* RegistryApp.swift in Sources */ = {isa = PBXBuildFile; fileRef = 8B9673852B36187D00FD2E7C /* RegistryApp.swift */; };
		8B9673882B36187D00FD2E7C /* ContentView.swift in Sources */ = {isa = PBXBuildFile; fileRef = 8B9673872B36187D00FD2E7C /* ContentView.swift */; };
		8B96738C2B36187E00FD2E7C /* Assets.xcassets in Resources */ = {isa = PBXBuildFile; fileRef = 8B96738B2B36187E00FD2E7C /* Assets.xcassets */; };
		8B96738F2B36187E00FD2E7C /* Preview Assets.xcassets in Resources */ = {isa = PBXBuildFile; fileRef = 8B96738E2B36187E00FD2E7C /* Preview Assets.xcassets */; };
		8B96739D2B361BB200FD2E7C /* Doctor.swift in Sources */ = {isa = PBXBuildFile; fileRef = 8B96739C2B361BB200FD2E7C /* Doctor.swift */; };
		8B96739F2B361C0900FD2E7C /* Department.swift in Sources */ = {isa = PBXBuildFile; fileRef = 8B96739E2B361C0900FD2E7C /* Department.swift */; };
		8B9673A12B361C2300FD2E7C /* Salary.swift in Sources */ = {isa = PBXBuildFile; fileRef = 8B9673A02B361C2300FD2E7C /* Salary.swift */; };
		8B9673A52B361CD400FD2E7C /* DoctorsScreen.swift in Sources */ = {isa = PBXBuildFile; fileRef = 8B9673A42B361CD400FD2E7C /* DoctorsScreen.swift */; };
		8B9673A72B361F4300FD2E7C /* Coordinator.swift in Sources */ = {isa = PBXBuildFile; fileRef = 8B9673A62B361F4300FD2E7C /* Coordinator.swift */; };
		8B9673A92B361F6700FD2E7C /* Screen.swift in Sources */ = {isa = PBXBuildFile; fileRef = 8B9673A82B361F6700FD2E7C /* Screen.swift */; };
		8B9673AB2B361F8D00FD2E7C /* Route.swift in Sources */ = {isa = PBXBuildFile; fileRef = 8B9673AA2B361F8D00FD2E7C /* Route.swift */; };
		8B9673AD2B361FD200FD2E7C /* Sheet.swift in Sources */ = {isa = PBXBuildFile; fileRef = 8B9673AC2B361FD200FD2E7C /* Sheet.swift */; };
		8B9673AF2B3623F200FD2E7C /* Person.swift in Sources */ = {isa = PBXBuildFile; fileRef = 8B9673AE2B3623F200FD2E7C /* Person.swift */; };
		8B9FA3712B8CFAF200FF3C0B /* ScheduleController.swift in Sources */ = {isa = PBXBuildFile; fileRef = 8B9FA3702B8CFAF200FF3C0B /* ScheduleController.swift */; };
		8BA0AAE92B5FA3C400E9FD7E /* MedicalServicesScreen.swift in Sources */ = {isa = PBXBuildFile; fileRef = 8BA0AAE82B5FA3C400E9FD7E /* MedicalServicesScreen.swift */; };
		8BA0AAEC2B5FA49500E9FD7E /* CreatePricelistItemView.swift in Sources */ = {isa = PBXBuildFile; fileRef = 8BA0AAEB2B5FA49500E9FD7E /* CreatePricelistItemView.swift */; };
		8BA53D982B494DE6006BE983 /* ExampleData.swift in Sources */ = {isa = PBXBuildFile; fileRef = 8BA53D972B494DE6006BE983 /* ExampleData.swift */; };
		8BA53D9A2B494DFC006BE983 /* WorkingHours.swift in Sources */ = {isa = PBXBuildFile; fileRef = 8BA53D992B494DFC006BE983 /* WorkingHours.swift */; };
		8BA53D9C2B494E28006BE983 /* DateFormatter+Shared.swift in Sources */ = {isa = PBXBuildFile; fileRef = 8BA53D9B2B494E28006BE983 /* DateFormatter+Shared.swift */; };
		8BA53D9F2B494E62006BE983 /* NavTitleViewModifier.swift in Sources */ = {isa = PBXBuildFile; fileRef = 8BA53D9E2B494E62006BE983 /* NavTitleViewModifier.swift */; };
		8BA53DA22B494EBF006BE983 /* SideSheetView.swift in Sources */ = {isa = PBXBuildFile; fileRef = 8BA53DA12B494EBF006BE983 /* SideSheetView.swift */; };
		8BA53DA62B494F5D006BE983 /* SheetToolbarViewModifier.swift in Sources */ = {isa = PBXBuildFile; fileRef = 8BA53DA52B494F5D006BE983 /* SheetToolbarViewModifier.swift */; };
		8BA8C80D2BBC2F6C00F2BCDD /* BillTemplatesController.swift in Sources */ = {isa = PBXBuildFile; fileRef = 8BA8C80C2BBC2F6C00F2BCDD /* BillTemplatesController.swift */; };
		8BA8C8112BBD42B200F2BCDD /* AddProcedurePatientView.swift in Sources */ = {isa = PBXBuildFile; fileRef = 8BA8C8102BBD42B200F2BCDD /* AddProcedurePatientView.swift */; };
		8BB2DD632B97396A00AD4749 /* Refund.swift in Sources */ = {isa = PBXBuildFile; fileRef = 8BB2DD622B97396A00AD4749 /* Refund.swift */; };
		8BBB96502B85F04700CA242F /* PatientCardScreen.swift in Sources */ = {isa = PBXBuildFile; fileRef = 8BBB964F2B85F04700CA242F /* PatientCardScreen.swift */; };
		8BBB96532B85F1EB00CA242F /* PassportDetailView.swift in Sources */ = {isa = PBXBuildFile; fileRef = 8BBB96522B85F1EB00CA242F /* PassportDetailView.swift */; };
		8BBB96552B85F1F600CA242F /* VisitsDetailView.swift in Sources */ = {isa = PBXBuildFile; fileRef = 8BBB96542B85F1F600CA242F /* VisitsDetailView.swift */; };
		8BBE1B1D2BA88BCF00E91140 /* StatisticsPeriod.swift in Sources */ = {isa = PBXBuildFile; fileRef = 8BBE1B1C2BA88BCF00E91140 /* StatisticsPeriod.swift */; };
		8BD9FCD42BA970830055823D /* IndicatorsScreen.swift in Sources */ = {isa = PBXBuildFile; fileRef = 8BD9FCD32BA970830055823D /* IndicatorsScreen.swift */; };
		8BDCCFD52B83BBEA0086BF4D /* PatientsScreen.swift in Sources */ = {isa = PBXBuildFile; fileRef = 8BDCCFD42B83BBEA0086BF4D /* PatientsScreen.swift */; };
		8BDCCFD82B849F6C0086BF4D /* DoctorSchedule.swift in Sources */ = {isa = PBXBuildFile; fileRef = 8BDCCFD72B849F6C0086BF4D /* DoctorSchedule.swift */; };
		8BDCCFDB2B849F960086BF4D /* Patient.swift in Sources */ = {isa = PBXBuildFile; fileRef = 8BDCCFDA2B849F960086BF4D /* Patient.swift */; };
		8BDCCFDD2B84A0C40086BF4D /* PassportData.swift in Sources */ = {isa = PBXBuildFile; fileRef = 8BDCCFDC2B84A0C40086BF4D /* PassportData.swift */; };
		8BDCCFDF2B84A20C0086BF4D /* PlaceOfResidence.swift in Sources */ = {isa = PBXBuildFile; fileRef = 8BDCCFDE2B84A20C0086BF4D /* PlaceOfResidence.swift */; };
		8BDCCFE12B84A2540086BF4D /* TreatmentPlan.swift in Sources */ = {isa = PBXBuildFile; fileRef = 8BDCCFE02B84A2540086BF4D /* TreatmentPlan.swift */; };
		8BDCCFE42B84A3860086BF4D /* Visit.swift in Sources */ = {isa = PBXBuildFile; fileRef = 8BDCCFE32B84A3860086BF4D /* Visit.swift */; };
		8BDCCFE62B84A3EC0086BF4D /* Bill.swift in Sources */ = {isa = PBXBuildFile; fileRef = 8BDCCFE52B84A3EC0086BF4D /* Bill.swift */; };
		8BDCCFE82B84A4080086BF4D /* RenderedService.swift in Sources */ = {isa = PBXBuildFile; fileRef = 8BDCCFE72B84A4080086BF4D /* RenderedService.swift */; };
		8BDCCFEA2B84A6770086BF4D /* Employee.swift in Sources */ = {isa = PBXBuildFile; fileRef = 8BDCCFE92B84A6770086BF4D /* Employee.swift */; };
		8BE377122BAC741200DBAE43 /* PricelistItemView.swift in Sources */ = {isa = PBXBuildFile; fileRef = 8BE377112BAC741200DBAE43 /* PricelistItemView.swift */; };
		8BE4C68A2BB33EE400264557 /* CallAuthorizationService.swift in Sources */ = {isa = PBXBuildFile; fileRef = 8BE4C6892BB33EE400264557 /* CallAuthorizationService.swift */; };
		8BE4C68C2BB33F3100264557 /* CallAuthorizationEntity.swift in Sources */ = {isa = PBXBuildFile; fileRef = 8BE4C68B2BB33F3100264557 /* CallAuthorizationEntity.swift */; };
		8BE4C68E2BB3403E00264557 /* CallAuthorizationServiceClient.swift in Sources */ = {isa = PBXBuildFile; fileRef = 8BE4C68D2BB3403E00264557 /* CallAuthorizationServiceClient.swift */; };
		8BE4C6902BB3461000264557 /* AuthorizationController.swift in Sources */ = {isa = PBXBuildFile; fileRef = 8BE4C68F2BB3461000264557 /* AuthorizationController.swift */; };
		8BEEEE7D2BB72E3E00739EA9 /* priceList(new).json in Resources */ = {isa = PBXBuildFile; fileRef = 8BEEEE7C2BB72E3E00739EA9 /* priceList(new).json */; };
		8BF10FDE2B8F220D003AD57E /* Loader.swift in Sources */ = {isa = PBXBuildFile; fileRef = 8BF10FDD2B8F220D003AD57E /* Loader.swift */; };
		8BF534092BAF50530005C003 /* SalaryCharger.swift in Sources */ = {isa = PBXBuildFile; fileRef = 8BF534082BAF50530005C003 /* SalaryCharger.swift */; };
/* End PBXBuildFile section */

/* Begin PBXFileReference section */
		8B01B9B22B8B96B5008A0AA7 /* AppointmentsListView.swift */ = {isa = PBXFileReference; lastKnownFileType = sourcecode.swift; path = AppointmentsListView.swift; sourceTree = "<group>"; };
		8B01B9B52B8BB7C6008A0AA7 /* AddPatientView.swift */ = {isa = PBXFileReference; lastKnownFileType = sourcecode.swift; path = AddPatientView.swift; sourceTree = "<group>"; };
		8B01B9B72B8BB89F008A0AA7 /* PatientsList.swift */ = {isa = PBXFileReference; lastKnownFileType = sourcecode.swift; path = PatientsList.swift; sourceTree = "<group>"; };
		8B0FE9E12B56F553003F474B /* SideBySideScreen.swift */ = {isa = PBXFileReference; lastKnownFileType = sourcecode.swift; path = SideBySideScreen.swift; sourceTree = "<group>"; };
		8B0FE9E42B56F5B8003F474B /* SearchBar.swift */ = {isa = PBXFileReference; lastKnownFileType = sourcecode.swift; path = SearchBar.swift; sourceTree = "<group>"; };
		8B0FE9E72B56F66D003F474B /* PhoneNumberTextField.swift */ = {isa = PBXFileReference; lastKnownFileType = sourcecode.swift; path = PhoneNumberTextField.swift; sourceTree = "<group>"; };
		8B0FE9EA2B56F6CC003F474B /* DoctorView.swift */ = {isa = PBXFileReference; lastKnownFileType = sourcecode.swift; path = DoctorView.swift; sourceTree = "<group>"; };
		8B0FE9EE2B56F81C003F474B /* DatePickerDateView.swift */ = {isa = PBXFileReference; lastKnownFileType = sourcecode.swift; path = DatePickerDateView.swift; sourceTree = "<group>"; };
		8B183BA52B865F9700FA1D46 /* PaymentDetailView.swift */ = {isa = PBXFileReference; lastKnownFileType = sourcecode.swift; path = PaymentDetailView.swift; sourceTree = "<group>"; };
		8B183BA82B86601B00FA1D46 /* Ledger.swift */ = {isa = PBXFileReference; lastKnownFileType = sourcecode.swift; path = Ledger.swift; sourceTree = "<group>"; };
		8B183BAA2B86605900FA1D46 /* Payment.swift */ = {isa = PBXFileReference; lastKnownFileType = sourcecode.swift; path = Payment.swift; sourceTree = "<group>"; };
		8B183BAC2B86606400FA1D46 /* Report.swift */ = {isa = PBXFileReference; lastKnownFileType = sourcecode.swift; path = Report.swift; sourceTree = "<group>"; };
		8B183BAE2B8661C000FA1D46 /* Payment.Purpose.swift */ = {isa = PBXFileReference; lastKnownFileType = sourcecode.swift; path = Payment.Purpose.swift; sourceTree = "<group>"; };
		8B183BB02B8661E800FA1D46 /* Payment.Method.swift */ = {isa = PBXFileReference; lastKnownFileType = sourcecode.swift; path = Payment.Method.swift; sourceTree = "<group>"; };
		8B183BB32B866D0F00FA1D46 /* BillTemplate.swift */ = {isa = PBXFileReference; lastKnownFileType = sourcecode.swift; path = BillTemplate.swift; sourceTree = "<group>"; };
		8B183BB52B867A3100FA1D46 /* PaymentsView.swift */ = {isa = PBXFileReference; lastKnownFileType = sourcecode.swift; path = PaymentsView.swift; sourceTree = "<group>"; };
		8B285F402B4DB8D600C29E20 /* MinusBoxToggleStyle.swift */ = {isa = PBXFileReference; lastKnownFileType = sourcecode.swift; path = MinusBoxToggleStyle.swift; sourceTree = "<group>"; };
		8B285F432B4DC81800C29E20 /* PersonImageView.swift */ = {isa = PBXFileReference; lastKnownFileType = sourcecode.swift; path = PersonImageView.swift; sourceTree = "<group>"; };
		8B285F462B4DCD3D00C29E20 /* DateText.swift */ = {isa = PBXFileReference; lastKnownFileType = sourcecode.swift; path = DateText.swift; sourceTree = "<group>"; };
		8B285F482B4DCD7B00C29E20 /* DurationLabel.swift */ = {isa = PBXFileReference; lastKnownFileType = sourcecode.swift; path = DurationLabel.swift; sourceTree = "<group>"; };
		8B2E70A52BB9ACAE00012C09 /* PhoneNumberEditView.swift */ = {isa = PBXFileReference; lastKnownFileType = sourcecode.swift; path = PhoneNumberEditView.swift; sourceTree = "<group>"; };
		8B3742642BA068BA00ED8DB7 /* User.swift */ = {isa = PBXFileReference; lastKnownFileType = sourcecode.swift; path = User.swift; sourceTree = "<group>"; };
		8B40CF042BB5B26C00D3832B /* MessageError.swift */ = {isa = PBXFileReference; lastKnownFileType = sourcecode.swift; path = MessageError.swift; sourceTree = "<group>"; };
		8B45E6102BB5588800834AE6 /* AnonymousUser.swift */ = {isa = PBXFileReference; lastKnownFileType = sourcecode.swift; path = AnonymousUser.swift; sourceTree = "<group>"; };
		8B45E6142BB55E0900834AE6 /* UserKey.swift */ = {isa = PBXFileReference; lastKnownFileType = sourcecode.swift; path = UserKey.swift; sourceTree = "<group>"; };
		8B45E61B2BB5650500834AE6 /* UserView.swift */ = {isa = PBXFileReference; lastKnownFileType = sourcecode.swift; path = UserView.swift; sourceTree = "<group>"; };
		8B45E61E2BB56BC300834AE6 /* UserDetailScreen.swift */ = {isa = PBXFileReference; lastKnownFileType = sourcecode.swift; path = UserDetailScreen.swift; sourceTree = "<group>"; };
		8B4C22BA2B98E7EC00328BCD /* Payment.Subject.swift */ = {isa = PBXFileReference; lastKnownFileType = sourcecode.swift; path = Payment.Subject.swift; sourceTree = "<group>"; };
		8B5B49C22BA4C60B006867EF /* PatientsChart.swift */ = {isa = PBXFileReference; lastKnownFileType = sourcecode.swift; path = PatientsChart.swift; sourceTree = "<group>"; };
		8B69A1412B8D134400458F33 /* BillScreen.swift */ = {isa = PBXFileReference; lastKnownFileType = sourcecode.swift; path = BillScreen.swift; sourceTree = "<group>"; };
		8B6BAA012B8DD193000FF417 /* ServicesTable.swift */ = {isa = PBXFileReference; lastKnownFileType = sourcecode.swift; path = ServicesTable.swift; sourceTree = "<group>"; };
		8B6BAA062B8DD508000FF417 /* PriceCalculationView.swift */ = {isa = PBXFileReference; lastKnownFileType = sourcecode.swift; path = PriceCalculationView.swift; sourceTree = "<group>"; };
		8B6BAA092B8DD880000FF417 /* BillPaymentView.swift */ = {isa = PBXFileReference; lastKnownFileType = sourcecode.swift; path = BillPaymentView.swift; sourceTree = "<group>"; };
		8B6BAA0C2B8DE508000FF417 /* CreateBillTemplateView.swift */ = {isa = PBXFileReference; lastKnownFileType = sourcecode.swift; path = CreateBillTemplateView.swift; sourceTree = "<group>"; };
		8B6BAA0F2B8DE9B4000FF417 /* CompletedAppointmentView.swift */ = {isa = PBXFileReference; lastKnownFileType = sourcecode.swift; path = CompletedAppointmentView.swift; sourceTree = "<group>"; };
		8B6C68622BBB365000F08486 /* DoctorsChart.swift */ = {isa = PBXFileReference; lastKnownFileType = sourcecode.swift; path = DoctorsChart.swift; sourceTree = "<group>"; };
		8B6C68642BBB390F00F08486 /* SchedulesChart.swift */ = {isa = PBXFileReference; lastKnownFileType = sourcecode.swift; path = SchedulesChart.swift; sourceTree = "<group>"; };
		8B7491DE2BBA943D0016FDE9 /* NameEditView.swift */ = {isa = PBXFileReference; lastKnownFileType = sourcecode.swift; path = NameEditView.swift; sourceTree = "<group>"; };
		8B7491E12BBADE410016FDE9 /* DoctorSettingsView.swift */ = {isa = PBXFileReference; lastKnownFileType = sourcecode.swift; path = DoctorSettingsView.swift; sourceTree = "<group>"; };
		8B78013D2B87B7A00064DBFB /* ScheduleScreen.swift */ = {isa = PBXFileReference; lastKnownFileType = sourcecode.swift; path = ScheduleScreen.swift; sourceTree = "<group>"; };
		8B7801402B87B7EA0064DBFB /* OffsetKey.swift */ = {isa = PBXFileReference; lastKnownFileType = sourcecode.swift; path = OffsetKey.swift; sourceTree = "<group>"; };
		8B7801422B87B80D0064DBFB /* WeekdayPickerView.swift */ = {isa = PBXFileReference; lastKnownFileType = sourcecode.swift; path = WeekdayPickerView.swift; sourceTree = "<group>"; };
		8B7801452B87B8BC0064DBFB /* ScheduleChart.swift */ = {isa = PBXFileReference; lastKnownFileType = sourcecode.swift; path = ScheduleChart.swift; sourceTree = "<group>"; };
		8B7801482B87B9A60064DBFB /* PatientAppointment.swift */ = {isa = PBXFileReference; lastKnownFileType = sourcecode.swift; path = PatientAppointment.swift; sourceTree = "<group>"; };
		8B78014B2B87BFD70064DBFB /* CreateDoctorScheduleView.swift */ = {isa = PBXFileReference; lastKnownFileType = sourcecode.swift; path = CreateDoctorScheduleView.swift; sourceTree = "<group>"; };
		8B78014E2B87C32B0064DBFB /* DoctorSelectionView.swift */ = {isa = PBXFileReference; lastKnownFileType = sourcecode.swift; path = DoctorSelectionView.swift; sourceTree = "<group>"; };
		8B7A3BFF2B8C7C5300A48646 /* DoctorPayoutView.swift */ = {isa = PBXFileReference; lastKnownFileType = sourcecode.swift; path = DoctorPayoutView.swift; sourceTree = "<group>"; };
		8B7A3C022B8C8EBC00A48646 /* DoctorFutureSchedulesView.swift */ = {isa = PBXFileReference; lastKnownFileType = sourcecode.swift; path = DoctorFutureSchedulesView.swift; sourceTree = "<group>"; };
		8B7AC6622BBE99EE004653FA /* UpdateBalanceView.swift */ = {isa = PBXFileReference; lastKnownFileType = sourcecode.swift; path = UpdateBalanceView.swift; sourceTree = "<group>"; };
		8B7EA85D2BA335C400DE722C /* CashboxReportingView.swift */ = {isa = PBXFileReference; lastKnownFileType = sourcecode.swift; path = CashboxReportingView.swift; sourceTree = "<group>"; };
		8B7EA8602BA36F2E00DE722C /* SuperUser.swift */ = {isa = PBXFileReference; lastKnownFileType = sourcecode.swift; path = SuperUser.swift; sourceTree = "<group>"; };
		8B8AE9822B57F9F9001A9143 /* DoctorDetailScreen.swift */ = {isa = PBXFileReference; lastKnownFileType = sourcecode.swift; path = DoctorDetailScreen.swift; sourceTree = "<group>"; };
		8B8AE9862B57FA46001A9143 /* CreateDoctorView.swift */ = {isa = PBXFileReference; lastKnownFileType = sourcecode.swift; path = CreateDoctorView.swift; sourceTree = "<group>"; };
		8B8AE9882B57FAA3001A9143 /* PhotosPickerViewModel.swift */ = {isa = PBXFileReference; lastKnownFileType = sourcecode.swift; path = PhotosPickerViewModel.swift; sourceTree = "<group>"; };
		8B8AE98B2B5811B8001A9143 /* PricelistItem.swift */ = {isa = PBXFileReference; lastKnownFileType = sourcecode.swift; path = PricelistItem.swift; sourceTree = "<group>"; };
		8B8AE98E2B58486A001A9143 /* CatalogToolbarViewModifier.swift */ = {isa = PBXFileReference; lastKnownFileType = sourcecode.swift; path = CatalogToolbarViewModifier.swift; sourceTree = "<group>"; };
		8B8AE9902B584BFC001A9143 /* PricelistView.swift */ = {isa = PBXFileReference; lastKnownFileType = sourcecode.swift; path = PricelistView.swift; sourceTree = "<group>"; };
		8B8B18892B88D4B0006ABD82 /* SchedulesListView.swift */ = {isa = PBXFileReference; lastKnownFileType = sourcecode.swift; path = SchedulesListView.swift; sourceTree = "<group>"; };
		8B8B188B2B88D51C006ABD82 /* AppointmentsRegisterScreen.swift */ = {isa = PBXFileReference; lastKnownFileType = sourcecode.swift; path = AppointmentsRegisterScreen.swift; sourceTree = "<group>"; };
		8B8B188E2B88D7B4006ABD82 /* DoctorScheduleHeaderView.swift */ = {isa = PBXFileReference; lastKnownFileType = sourcecode.swift; path = DoctorScheduleHeaderView.swift; sourceTree = "<group>"; };
		8B8B18912B88D8F0006ABD82 /* AppointmentView.swift */ = {isa = PBXFileReference; lastKnownFileType = sourcecode.swift; path = AppointmentView.swift; sourceTree = "<group>"; };
		8B8DA95F2BA1CF6500F6F847 /* LoginScreen.swift */ = {isa = PBXFileReference; lastKnownFileType = sourcecode.swift; path = LoginScreen.swift; sourceTree = "<group>"; };
		8B8DA9622BA1E5AC00F6F847 /* MessageService.swift */ = {isa = PBXFileReference; lastKnownFileType = sourcecode.swift; path = MessageService.swift; sourceTree = "<group>"; };
		8B8DA9642BA1E5E900F6F847 /* MessageServiceClient.swift */ = {isa = PBXFileReference; lastKnownFileType = sourcecode.swift; path = MessageServiceClient.swift; sourceTree = "<group>"; };
		8B8DA9662BA209E700F6F847 /* MessageEntity.swift */ = {isa = PBXFileReference; lastKnownFileType = sourcecode.swift; path = MessageEntity.swift; sourceTree = "<group>"; };
		8B8DA9682BA20F1C00F6F847 /* Message.swift */ = {isa = PBXFileReference; lastKnownFileType = sourcecode.swift; path = Message.swift; sourceTree = "<group>"; };
		8B8DA96C2BA210D700F6F847 /* ArtmedicsServices.swift */ = {isa = PBXFileReference; lastKnownFileType = sourcecode.swift; path = ArtmedicsServices.swift; sourceTree = "<group>"; };
		8B8DA96E2BA213BD00F6F847 /* MessageController.swift */ = {isa = PBXFileReference; lastKnownFileType = sourcecode.swift; path = MessageController.swift; sourceTree = "<group>"; };
		8B92B5692B8797C8004E0675 /* CashboxScreen.swift */ = {isa = PBXFileReference; lastKnownFileType = sourcecode.swift; path = CashboxScreen.swift; sourceTree = "<group>"; };
		8B92B56D2B87AB1F004E0675 /* ReportView.swift */ = {isa = PBXFileReference; lastKnownFileType = sourcecode.swift; path = ReportView.swift; sourceTree = "<group>"; };
		8B92B56F2B87AC80004E0675 /* CreateSpendingView.swift */ = {isa = PBXFileReference; lastKnownFileType = sourcecode.swift; path = CreateSpendingView.swift; sourceTree = "<group>"; };
		8B9673822B36187D00FD2E7C /* Registry.app */ = {isa = PBXFileReference; explicitFileType = wrapper.application; includeInIndex = 0; path = Registry.app; sourceTree = BUILT_PRODUCTS_DIR; };
		8B9673852B36187D00FD2E7C /* RegistryApp.swift */ = {isa = PBXFileReference; lastKnownFileType = sourcecode.swift; path = RegistryApp.swift; sourceTree = "<group>"; };
		8B9673872B36187D00FD2E7C /* ContentView.swift */ = {isa = PBXFileReference; lastKnownFileType = sourcecode.swift; path = ContentView.swift; sourceTree = "<group>"; };
		8B96738B2B36187E00FD2E7C /* Assets.xcassets */ = {isa = PBXFileReference; lastKnownFileType = folder.assetcatalog; path = Assets.xcassets; sourceTree = "<group>"; };
		8B96738E2B36187E00FD2E7C /* Preview Assets.xcassets */ = {isa = PBXFileReference; lastKnownFileType = folder.assetcatalog; path = "Preview Assets.xcassets"; sourceTree = "<group>"; };
		8B9673902B36187E00FD2E7C /* Registry.entitlements */ = {isa = PBXFileReference; lastKnownFileType = text.plist.entitlements; path = Registry.entitlements; sourceTree = "<group>"; };
		8B9673912B36187E00FD2E7C /* Info.plist */ = {isa = PBXFileReference; lastKnownFileType = text.plist.xml; path = Info.plist; sourceTree = "<group>"; };
		8B96739C2B361BB200FD2E7C /* Doctor.swift */ = {isa = PBXFileReference; lastKnownFileType = sourcecode.swift; path = Doctor.swift; sourceTree = "<group>"; };
		8B96739E2B361C0900FD2E7C /* Department.swift */ = {isa = PBXFileReference; lastKnownFileType = sourcecode.swift; path = Department.swift; sourceTree = "<group>"; };
		8B9673A02B361C2300FD2E7C /* Salary.swift */ = {isa = PBXFileReference; lastKnownFileType = sourcecode.swift; path = Salary.swift; sourceTree = "<group>"; };
		8B9673A42B361CD400FD2E7C /* DoctorsScreen.swift */ = {isa = PBXFileReference; lastKnownFileType = sourcecode.swift; path = DoctorsScreen.swift; sourceTree = "<group>"; };
		8B9673A62B361F4300FD2E7C /* Coordinator.swift */ = {isa = PBXFileReference; lastKnownFileType = sourcecode.swift; path = Coordinator.swift; sourceTree = "<group>"; };
		8B9673A82B361F6700FD2E7C /* Screen.swift */ = {isa = PBXFileReference; lastKnownFileType = sourcecode.swift; path = Screen.swift; sourceTree = "<group>"; };
		8B9673AA2B361F8D00FD2E7C /* Route.swift */ = {isa = PBXFileReference; lastKnownFileType = sourcecode.swift; path = Route.swift; sourceTree = "<group>"; };
		8B9673AC2B361FD200FD2E7C /* Sheet.swift */ = {isa = PBXFileReference; lastKnownFileType = sourcecode.swift; path = Sheet.swift; sourceTree = "<group>"; };
		8B9673AE2B3623F200FD2E7C /* Person.swift */ = {isa = PBXFileReference; lastKnownFileType = sourcecode.swift; path = Person.swift; sourceTree = "<group>"; };
		8B9FA3702B8CFAF200FF3C0B /* ScheduleController.swift */ = {isa = PBXFileReference; lastKnownFileType = sourcecode.swift; path = ScheduleController.swift; sourceTree = "<group>"; };
		8BA0AAE82B5FA3C400E9FD7E /* MedicalServicesScreen.swift */ = {isa = PBXFileReference; lastKnownFileType = sourcecode.swift; path = MedicalServicesScreen.swift; sourceTree = "<group>"; };
		8BA0AAEB2B5FA49500E9FD7E /* CreatePricelistItemView.swift */ = {isa = PBXFileReference; lastKnownFileType = sourcecode.swift; path = CreatePricelistItemView.swift; sourceTree = "<group>"; };
		8BA53D972B494DE6006BE983 /* ExampleData.swift */ = {isa = PBXFileReference; lastKnownFileType = sourcecode.swift; path = ExampleData.swift; sourceTree = "<group>"; };
		8BA53D992B494DFC006BE983 /* WorkingHours.swift */ = {isa = PBXFileReference; lastKnownFileType = sourcecode.swift; path = WorkingHours.swift; sourceTree = "<group>"; };
		8BA53D9B2B494E28006BE983 /* DateFormatter+Shared.swift */ = {isa = PBXFileReference; lastKnownFileType = sourcecode.swift; path = "DateFormatter+Shared.swift"; sourceTree = "<group>"; };
		8BA53D9E2B494E62006BE983 /* NavTitleViewModifier.swift */ = {isa = PBXFileReference; lastKnownFileType = sourcecode.swift; path = NavTitleViewModifier.swift; sourceTree = "<group>"; };
		8BA53DA12B494EBF006BE983 /* SideSheetView.swift */ = {isa = PBXFileReference; lastKnownFileType = sourcecode.swift; path = SideSheetView.swift; sourceTree = "<group>"; };
		8BA53DA52B494F5D006BE983 /* SheetToolbarViewModifier.swift */ = {isa = PBXFileReference; lastKnownFileType = sourcecode.swift; path = SheetToolbarViewModifier.swift; sourceTree = "<group>"; };
		8BA8C80C2BBC2F6C00F2BCDD /* BillTemplatesController.swift */ = {isa = PBXFileReference; lastKnownFileType = sourcecode.swift; path = BillTemplatesController.swift; sourceTree = "<group>"; };
		8BA8C8102BBD42B200F2BCDD /* AddProcedurePatientView.swift */ = {isa = PBXFileReference; lastKnownFileType = sourcecode.swift; path = AddProcedurePatientView.swift; sourceTree = "<group>"; };
		8BB2DD622B97396A00AD4749 /* Refund.swift */ = {isa = PBXFileReference; lastKnownFileType = sourcecode.swift; path = Refund.swift; sourceTree = "<group>"; };
		8BBB964F2B85F04700CA242F /* PatientCardScreen.swift */ = {isa = PBXFileReference; lastKnownFileType = sourcecode.swift; path = PatientCardScreen.swift; sourceTree = "<group>"; };
		8BBB96522B85F1EB00CA242F /* PassportDetailView.swift */ = {isa = PBXFileReference; lastKnownFileType = sourcecode.swift; path = PassportDetailView.swift; sourceTree = "<group>"; };
		8BBB96542B85F1F600CA242F /* VisitsDetailView.swift */ = {isa = PBXFileReference; lastKnownFileType = sourcecode.swift; path = VisitsDetailView.swift; sourceTree = "<group>"; };
		8BBE1B1C2BA88BCF00E91140 /* StatisticsPeriod.swift */ = {isa = PBXFileReference; lastKnownFileType = sourcecode.swift; path = StatisticsPeriod.swift; sourceTree = "<group>"; };
		8BD9FCD32BA970830055823D /* IndicatorsScreen.swift */ = {isa = PBXFileReference; lastKnownFileType = sourcecode.swift; path = IndicatorsScreen.swift; sourceTree = "<group>"; };
		8BDCCFD42B83BBEA0086BF4D /* PatientsScreen.swift */ = {isa = PBXFileReference; lastKnownFileType = sourcecode.swift; path = PatientsScreen.swift; sourceTree = "<group>"; };
		8BDCCFD72B849F6C0086BF4D /* DoctorSchedule.swift */ = {isa = PBXFileReference; lastKnownFileType = sourcecode.swift; path = DoctorSchedule.swift; sourceTree = "<group>"; };
		8BDCCFDA2B849F960086BF4D /* Patient.swift */ = {isa = PBXFileReference; lastKnownFileType = sourcecode.swift; path = Patient.swift; sourceTree = "<group>"; };
		8BDCCFDC2B84A0C40086BF4D /* PassportData.swift */ = {isa = PBXFileReference; lastKnownFileType = sourcecode.swift; path = PassportData.swift; sourceTree = "<group>"; };
		8BDCCFDE2B84A20C0086BF4D /* PlaceOfResidence.swift */ = {isa = PBXFileReference; lastKnownFileType = sourcecode.swift; path = PlaceOfResidence.swift; sourceTree = "<group>"; };
		8BDCCFE02B84A2540086BF4D /* TreatmentPlan.swift */ = {isa = PBXFileReference; lastKnownFileType = sourcecode.swift; path = TreatmentPlan.swift; sourceTree = "<group>"; };
		8BDCCFE32B84A3860086BF4D /* Visit.swift */ = {isa = PBXFileReference; lastKnownFileType = sourcecode.swift; path = Visit.swift; sourceTree = "<group>"; };
		8BDCCFE52B84A3EC0086BF4D /* Bill.swift */ = {isa = PBXFileReference; lastKnownFileType = sourcecode.swift; path = Bill.swift; sourceTree = "<group>"; };
		8BDCCFE72B84A4080086BF4D /* RenderedService.swift */ = {isa = PBXFileReference; lastKnownFileType = sourcecode.swift; path = RenderedService.swift; sourceTree = "<group>"; };
		8BDCCFE92B84A6770086BF4D /* Employee.swift */ = {isa = PBXFileReference; lastKnownFileType = sourcecode.swift; path = Employee.swift; sourceTree = "<group>"; };
		8BE377112BAC741200DBAE43 /* PricelistItemView.swift */ = {isa = PBXFileReference; lastKnownFileType = sourcecode.swift; path = PricelistItemView.swift; sourceTree = "<group>"; };
		8BE4C6892BB33EE400264557 /* CallAuthorizationService.swift */ = {isa = PBXFileReference; lastKnownFileType = sourcecode.swift; path = CallAuthorizationService.swift; sourceTree = "<group>"; };
		8BE4C68B2BB33F3100264557 /* CallAuthorizationEntity.swift */ = {isa = PBXFileReference; lastKnownFileType = sourcecode.swift; path = CallAuthorizationEntity.swift; sourceTree = "<group>"; };
		8BE4C68D2BB3403E00264557 /* CallAuthorizationServiceClient.swift */ = {isa = PBXFileReference; lastKnownFileType = sourcecode.swift; path = CallAuthorizationServiceClient.swift; sourceTree = "<group>"; };
		8BE4C68F2BB3461000264557 /* AuthorizationController.swift */ = {isa = PBXFileReference; lastKnownFileType = sourcecode.swift; path = AuthorizationController.swift; sourceTree = "<group>"; };
		8BEEEE7C2BB72E3E00739EA9 /* priceList(new).json */ = {isa = PBXFileReference; fileEncoding = 4; lastKnownFileType = text.json; path = "priceList(new).json"; sourceTree = "<group>"; };
		8BF10FDD2B8F220D003AD57E /* Loader.swift */ = {isa = PBXFileReference; lastKnownFileType = sourcecode.swift; path = Loader.swift; sourceTree = "<group>"; };
		8BF534082BAF50530005C003 /* SalaryCharger.swift */ = {isa = PBXFileReference; lastKnownFileType = sourcecode.swift; path = SalaryCharger.swift; sourceTree = "<group>"; };
/* End PBXFileReference section */

/* Begin PBXFrameworksBuildPhase section */
		8B96737F2B36187D00FD2E7C /* Frameworks */ = {
			isa = PBXFrameworksBuildPhase;
			buildActionMask = 2147483647;
			files = (
				8B7D5C7D2B592B3400E46AD8 /* Algorithms in Frameworks */,
			);
			runOnlyForDeploymentPostprocessing = 0;
		};
/* End PBXFrameworksBuildPhase section */

/* Begin PBXGroup section */
		8B01B9B12B8B96A4008A0AA7 /* AppointmentsListView */ = {
			isa = PBXGroup;
			children = (
				8B01B9B22B8B96B5008A0AA7 /* AppointmentsListView.swift */,
				8B8B18912B88D8F0006ABD82 /* AppointmentView.swift */,
			);
			path = AppointmentsListView;
			sourceTree = "<group>";
		};
		8B01B9B42B8BB7B7008A0AA7 /* AddPatientView */ = {
			isa = PBXGroup;
			children = (
				8B01B9B52B8BB7C6008A0AA7 /* AddPatientView.swift */,
				8BA8C8102BBD42B200F2BCDD /* AddProcedurePatientView.swift */,
				8B01B9B72B8BB89F008A0AA7 /* PatientsList.swift */,
			);
			path = AddPatientView;
			sourceTree = "<group>";
		};
		8B0FE9E02B56F52E003F474B /* SideBySideScreen */ = {
			isa = PBXGroup;
			children = (
				8B0FE9E12B56F553003F474B /* SideBySideScreen.swift */,
			);
			path = SideBySideScreen;
			sourceTree = "<group>";
		};
		8B0FE9E32B56F596003F474B /* SearchBar */ = {
			isa = PBXGroup;
			children = (
				8B0FE9E42B56F5B8003F474B /* SearchBar.swift */,
			);
			path = SearchBar;
			sourceTree = "<group>";
		};
		8B0FE9E62B56F642003F474B /* PhoneNumberTextField */ = {
			isa = PBXGroup;
			children = (
				8B0FE9E72B56F66D003F474B /* PhoneNumberTextField.swift */,
			);
			path = PhoneNumberTextField;
			sourceTree = "<group>";
		};
		8B0FE9E92B56F69B003F474B /* DoctorView */ = {
			isa = PBXGroup;
			children = (
				8B0FE9EA2B56F6CC003F474B /* DoctorView.swift */,
			);
			path = DoctorView;
			sourceTree = "<group>";
		};
		8B0FE9EC2B56F73C003F474B /* PricelistView */ = {
			isa = PBXGroup;
			children = (
				8B8AE9902B584BFC001A9143 /* PricelistView.swift */,
			);
			path = PricelistView;
			sourceTree = "<group>";
		};
		8B0FE9ED2B56F774003F474B /* DatePicker */ = {
			isa = PBXGroup;
			children = (
				8B0FE9EE2B56F81C003F474B /* DatePickerDateView.swift */,
			);
			path = DatePicker;
			sourceTree = "<group>";
		};
		8B183BA22B865D8000FA1D46 /* CashboxScreen */ = {
			isa = PBXGroup;
			children = (
				8B92B5692B8797C8004E0675 /* CashboxScreen.swift */,
				8B183BA32B865DA600FA1D46 /* Subviews */,
			);
			path = CashboxScreen;
			sourceTree = "<group>";
		};
		8B183BA32B865DA600FA1D46 /* Subviews */ = {
			isa = PBXGroup;
			children = (
				8B183BA42B865F8800FA1D46 /* PaymentsView */,
				8B92B56D2B87AB1F004E0675 /* ReportView.swift */,
				8B92B56F2B87AC80004E0675 /* CreateSpendingView.swift */,
			);
			path = Subviews;
			sourceTree = "<group>";
		};
		8B183BA42B865F8800FA1D46 /* PaymentsView */ = {
			isa = PBXGroup;
			children = (
				8B183BA52B865F9700FA1D46 /* PaymentDetailView.swift */,
				8B183BB52B867A3100FA1D46 /* PaymentsView.swift */,
			);
			path = PaymentsView;
			sourceTree = "<group>";
		};
		8B183BA72B86600A00FA1D46 /* Report */ = {
			isa = PBXGroup;
			children = (
				8B183BA82B86601B00FA1D46 /* Ledger.swift */,
				8B183BAC2B86606400FA1D46 /* Report.swift */,
				8B183BAA2B86605900FA1D46 /* Payment.swift */,
				8B4C22BA2B98E7EC00328BCD /* Payment.Subject.swift */,
				8B183BAE2B8661C000FA1D46 /* Payment.Purpose.swift */,
				8B183BB02B8661E800FA1D46 /* Payment.Method.swift */,
			);
			path = Report;
			sourceTree = "<group>";
		};
		8B183BB22B866CFE00FA1D46 /* BillTemplate */ = {
			isa = PBXGroup;
			children = (
				8B183BB32B866D0F00FA1D46 /* BillTemplate.swift */,
			);
			path = BillTemplate;
			sourceTree = "<group>";
		};
		8B285F3F2B4DB8A300C29E20 /* MinusBoxToggleStyle */ = {
			isa = PBXGroup;
			children = (
				8B285F402B4DB8D600C29E20 /* MinusBoxToggleStyle.swift */,
			);
			path = MinusBoxToggleStyle;
			sourceTree = "<group>";
		};
		8B285F422B4DC80200C29E20 /* PersonImageView */ = {
			isa = PBXGroup;
			children = (
				8B285F432B4DC81800C29E20 /* PersonImageView.swift */,
			);
			path = PersonImageView;
			sourceTree = "<group>";
		};
		8B285F452B4DCD2800C29E20 /* DateFormatViews */ = {
			isa = PBXGroup;
			children = (
				8B285F462B4DCD3D00C29E20 /* DateText.swift */,
				8B285F482B4DCD7B00C29E20 /* DurationLabel.swift */,
			);
			path = DateFormatViews;
			sourceTree = "<group>";
		};
		8B29E04A2B6A430D0003A647 /* Resources */ = {
			isa = PBXGroup;
			children = (
				8BEEEE7C2BB72E3E00739EA9 /* priceList(new).json */,
				8BF10FDD2B8F220D003AD57E /* Loader.swift */,
			);
			path = Resources;
			sourceTree = "<group>";
		};
		8B45E6122BB55DE400834AE6 /* Environment */ = {
			isa = PBXGroup;
			children = (
				8B45E6132BB55DFA00834AE6 /* UserKey */,
			);
			path = Environment;
			sourceTree = "<group>";
		};
		8B45E6132BB55DFA00834AE6 /* UserKey */ = {
			isa = PBXGroup;
			children = (
				8B45E6142BB55E0900834AE6 /* UserKey.swift */,
			);
			path = UserKey;
			sourceTree = "<group>";
		};
		8B45E61A2BB564F800834AE6 /* UserView */ = {
			isa = PBXGroup;
			children = (
				8B45E61B2BB5650500834AE6 /* UserView.swift */,
			);
			path = UserView;
			sourceTree = "<group>";
		};
		8B45E61D2BB56BAF00834AE6 /* UserDetailScreen */ = {
			isa = PBXGroup;
			children = (
				8B45E61E2BB56BC300834AE6 /* UserDetailScreen.swift */,
			);
			path = UserDetailScreen;
			sourceTree = "<group>";
		};
		8B69A13F2B8D125E00458F33 /* BillScreen */ = {
			isa = PBXGroup;
			children = (
				8B69A1412B8D134400458F33 /* BillScreen.swift */,
				8B69A1402B8D127500458F33 /* Subviews */,
			);
			path = BillScreen;
			sourceTree = "<group>";
		};
		8B69A1402B8D127500458F33 /* Subviews */ = {
			isa = PBXGroup;
			children = (
				8B6BAA082B8DD86B000FF417 /* BillPaymentView */,
				8B6BAA052B8DD4EC000FF417 /* PriceCalculationView */,
				8B6BAA002B8DD17C000FF417 /* ServicesTable */,
				8B6BAA0B2B8DE4E2000FF417 /* CreateBillTemplateView */,
			);
			path = Subviews;
			sourceTree = "<group>";
		};
		8B6BAA002B8DD17C000FF417 /* ServicesTable */ = {
			isa = PBXGroup;
			children = (
				8B6BAA012B8DD193000FF417 /* ServicesTable.swift */,
			);
			path = ServicesTable;
			sourceTree = "<group>";
		};
		8B6BAA052B8DD4EC000FF417 /* PriceCalculationView */ = {
			isa = PBXGroup;
			children = (
				8B6BAA062B8DD508000FF417 /* PriceCalculationView.swift */,
			);
			path = PriceCalculationView;
			sourceTree = "<group>";
		};
		8B6BAA082B8DD86B000FF417 /* BillPaymentView */ = {
			isa = PBXGroup;
			children = (
				8B6BAA092B8DD880000FF417 /* BillPaymentView.swift */,
			);
			path = BillPaymentView;
			sourceTree = "<group>";
		};
		8B6BAA0B2B8DE4E2000FF417 /* CreateBillTemplateView */ = {
			isa = PBXGroup;
			children = (
				8B6BAA0C2B8DE508000FF417 /* CreateBillTemplateView.swift */,
			);
			path = CreateBillTemplateView;
			sourceTree = "<group>";
		};
		8B6BAA0E2B8DE99D000FF417 /* CompletedAppointmentView */ = {
			isa = PBXGroup;
			children = (
				8B6BAA0F2B8DE9B4000FF417 /* CompletedAppointmentView.swift */,
			);
			path = CompletedAppointmentView;
			sourceTree = "<group>";
		};
		8B7491DD2BBA942E0016FDE9 /* EditViews */ = {
			isa = PBXGroup;
			children = (
				8B7491DE2BBA943D0016FDE9 /* NameEditView.swift */,
				8B2E70A52BB9ACAE00012C09 /* PhoneNumberEditView.swift */,
			);
			path = EditViews;
			sourceTree = "<group>";
		};
		8B7491E32BBAE7AB0016FDE9 /* Subviews */ = {
			isa = PBXGroup;
			children = (
				8B7491E12BBADE410016FDE9 /* DoctorSettingsView.swift */,
			);
			path = Subviews;
			sourceTree = "<group>";
		};
		8B78013B2B87B75F0064DBFB /* ScheduleScreen */ = {
			isa = PBXGroup;
			children = (
				8B78013D2B87B7A00064DBFB /* ScheduleScreen.swift */,
				8B78013C2B87B7930064DBFB /* Subviews */,
			);
			path = ScheduleScreen;
			sourceTree = "<group>";
		};
		8B78013C2B87B7930064DBFB /* Subviews */ = {
			isa = PBXGroup;
			children = (
				8B78014D2B87C3140064DBFB /* DoctorSelectionView */,
				8B78014A2B87BFB10064DBFB /* CreateDoctorScheduleView */,
				8B7801442B87B8AC0064DBFB /* ScheduleChart */,
				8B78013F2B87B7B70064DBFB /* WeekdayPickerView */,
			);
			path = Subviews;
			sourceTree = "<group>";
		};
		8B78013F2B87B7B70064DBFB /* WeekdayPickerView */ = {
			isa = PBXGroup;
			children = (
				8B7801402B87B7EA0064DBFB /* OffsetKey.swift */,
				8B7801422B87B80D0064DBFB /* WeekdayPickerView.swift */,
			);
			path = WeekdayPickerView;
			sourceTree = "<group>";
		};
		8B7801442B87B8AC0064DBFB /* ScheduleChart */ = {
			isa = PBXGroup;
			children = (
				8B7801452B87B8BC0064DBFB /* ScheduleChart.swift */,
			);
			path = ScheduleChart;
			sourceTree = "<group>";
		};
		8B7801472B87B9920064DBFB /* PatientAppointment */ = {
			isa = PBXGroup;
			children = (
				8B7801482B87B9A60064DBFB /* PatientAppointment.swift */,
			);
			path = PatientAppointment;
			sourceTree = "<group>";
		};
		8B78014A2B87BFB10064DBFB /* CreateDoctorScheduleView */ = {
			isa = PBXGroup;
			children = (
				8B78014B2B87BFD70064DBFB /* CreateDoctorScheduleView.swift */,
			);
			path = CreateDoctorScheduleView;
			sourceTree = "<group>";
		};
		8B78014D2B87C3140064DBFB /* DoctorSelectionView */ = {
			isa = PBXGroup;
			children = (
				8B78014E2B87C32B0064DBFB /* DoctorSelectionView.swift */,
			);
			path = DoctorSelectionView;
			sourceTree = "<group>";
		};
		8B7A3BFE2B8C7C4000A48646 /* DoctorPayoutView */ = {
			isa = PBXGroup;
			children = (
				8B7A3BFF2B8C7C5300A48646 /* DoctorPayoutView.swift */,
			);
			path = DoctorPayoutView;
			sourceTree = "<group>";
		};
		8B7A3C012B8C8EA300A48646 /* DoctorFutureSchedulesView */ = {
			isa = PBXGroup;
			children = (
				8B7A3C022B8C8EBC00A48646 /* DoctorFutureSchedulesView.swift */,
			);
			path = DoctorFutureSchedulesView;
			sourceTree = "<group>";
		};
		8B7AC6612BBE99DB004653FA /* UpdateBalanceView */ = {
			isa = PBXGroup;
			children = (
				8B7AC6622BBE99EE004653FA /* UpdateBalanceView.swift */,
			);
			path = UpdateBalanceView;
			sourceTree = "<group>";
		};
		8B7EA85C2BA3357E00DE722C /* ReportingViews */ = {
			isa = PBXGroup;
			children = (
				8B7EA85D2BA335C400DE722C /* CashboxReportingView.swift */,
				8B5B49C22BA4C60B006867EF /* PatientsChart.swift */,
				8B6C68622BBB365000F08486 /* DoctorsChart.swift */,
				8B6C68642BBB390F00F08486 /* SchedulesChart.swift */,
				8BA8C80C2BBC2F6C00F2BCDD /* BillTemplatesController.swift */,
			);
			path = ReportingViews;
			sourceTree = "<group>";
		};
		8B7EA85F2BA36F0600DE722C /* User */ = {
			isa = PBXGroup;
			children = (
				8B3742642BA068BA00ED8DB7 /* User.swift */,
				8B45E6102BB5588800834AE6 /* AnonymousUser.swift */,
				8B7EA8602BA36F2E00DE722C /* SuperUser.swift */,
			);
			path = User;
			sourceTree = "<group>";
		};
		8B8AE9812B57F7D2001A9143 /* DoctorDetailScreen */ = {
			isa = PBXGroup;
			children = (
				8B8AE9822B57F9F9001A9143 /* DoctorDetailScreen.swift */,
				8B7491E32BBAE7AB0016FDE9 /* Subviews */,
			);
			path = DoctorDetailScreen;
			sourceTree = "<group>";
		};
		8B8AE9842B57FA26001A9143 /* CreateDoctorView */ = {
			isa = PBXGroup;
			children = (
				8B8AE9852B57FA33001A9143 /* VIewModel */,
				8B8AE9862B57FA46001A9143 /* CreateDoctorView.swift */,
			);
			path = CreateDoctorView;
			sourceTree = "<group>";
		};
		8B8AE9852B57FA33001A9143 /* VIewModel */ = {
			isa = PBXGroup;
			children = (
				8B8AE9882B57FAA3001A9143 /* PhotosPickerViewModel.swift */,
			);
			path = VIewModel;
			sourceTree = "<group>";
		};
		8B8AE98A2B57FCAE001A9143 /* PricelistItem */ = {
			isa = PBXGroup;
			children = (
				8B8AE98B2B5811B8001A9143 /* PricelistItem.swift */,
			);
			path = PricelistItem;
			sourceTree = "<group>";
		};
		8B8AE98D2B58482C001A9143 /* CatalogToolbar */ = {
			isa = PBXGroup;
			children = (
				8B8AE98E2B58486A001A9143 /* CatalogToolbarViewModifier.swift */,
			);
			path = CatalogToolbar;
			sourceTree = "<group>";
		};
		8B8B18862B88D422006ABD82 /* AppointmentsRegisterScreen */ = {
			isa = PBXGroup;
			children = (
				8B8B188B2B88D51C006ABD82 /* AppointmentsRegisterScreen.swift */,
				8B8B18872B88D465006ABD82 /* Subviews */,
			);
			path = AppointmentsRegisterScreen;
			sourceTree = "<group>";
		};
		8B8B18872B88D465006ABD82 /* Subviews */ = {
			isa = PBXGroup;
			children = (
				8B6BAA0E2B8DE99D000FF417 /* CompletedAppointmentView */,
				8B01B9B42B8BB7B7008A0AA7 /* AddPatientView */,
				8B01B9B12B8B96A4008A0AA7 /* AppointmentsListView */,
				8B8B18882B88D49A006ABD82 /* SchedulesListView */,
				8B8B188D2B88D78F006ABD82 /* DoctorScheduleHeaderView */,
				8B7A3BFE2B8C7C4000A48646 /* DoctorPayoutView */,
				8B7A3C012B8C8EA300A48646 /* DoctorFutureSchedulesView */,
			);
			path = Subviews;
			sourceTree = "<group>";
		};
		8B8B18882B88D49A006ABD82 /* SchedulesListView */ = {
			isa = PBXGroup;
			children = (
				8B8B18892B88D4B0006ABD82 /* SchedulesListView.swift */,
			);
			path = SchedulesListView;
			sourceTree = "<group>";
		};
		8B8B188D2B88D78F006ABD82 /* DoctorScheduleHeaderView */ = {
			isa = PBXGroup;
			children = (
				8B8B188E2B88D7B4006ABD82 /* DoctorScheduleHeaderView.swift */,
			);
			path = DoctorScheduleHeaderView;
			sourceTree = "<group>";
		};
		8B8B1A912BAB507E0061344C /* IndicatorsScreen */ = {
			isa = PBXGroup;
			children = (
				8BD9FCD32BA970830055823D /* IndicatorsScreen.swift */,
			);
			path = IndicatorsScreen;
			sourceTree = "<group>";
		};
		8B8DA9612BA1E59000F6F847 /* Services */ = {
			isa = PBXGroup;
			children = (
				8B8DA96B2BA210C400F6F847 /* ArtmedicsServices */,
				8BE4C6882BB33E0D00264557 /* CallAuthorizationService */,
				8B8DA96A2BA210B000F6F847 /* MessageService */,
			);
			path = Services;
			sourceTree = "<group>";
		};
		8B8DA96A2BA210B000F6F847 /* MessageService */ = {
			isa = PBXGroup;
			children = (
				8B8DA9622BA1E5AC00F6F847 /* MessageService.swift */,
				8B8DA9642BA1E5E900F6F847 /* MessageServiceClient.swift */,
				8B8DA9662BA209E700F6F847 /* MessageEntity.swift */,
				8B8DA9682BA20F1C00F6F847 /* Message.swift */,
				8B40CF042BB5B26C00D3832B /* MessageError.swift */,
			);
			path = MessageService;
			sourceTree = "<group>";
		};
		8B8DA96B2BA210C400F6F847 /* ArtmedicsServices */ = {
			isa = PBXGroup;
			children = (
				8B8DA96C2BA210D700F6F847 /* ArtmedicsServices.swift */,
			);
			path = ArtmedicsServices;
			sourceTree = "<group>";
		};
		8B9673792B36187D00FD2E7C = {
			isa = PBXGroup;
			children = (
				8B9673842B36187D00FD2E7C /* Registry */,
				8B9673832B36187D00FD2E7C /* Products */,
			);
			sourceTree = "<group>";
		};
		8B9673832B36187D00FD2E7C /* Products */ = {
			isa = PBXGroup;
			children = (
				8B9673822B36187D00FD2E7C /* Registry.app */,
			);
			name = Products;
			sourceTree = "<group>";
		};
		8B9673842B36187D00FD2E7C /* Registry */ = {
			isa = PBXGroup;
			children = (
				8B9673852B36187D00FD2E7C /* RegistryApp.swift */,
				8B8DA95F2BA1CF6500F6F847 /* LoginScreen.swift */,
				8B9673872B36187D00FD2E7C /* ContentView.swift */,
				8B8DA9612BA1E59000F6F847 /* Services */,
				8B9FA36F2B8CFAD200FF3C0B /* Controllers */,
				8B96739A2B361B6500FD2E7C /* Coordinator */,
				8B9673972B361B1F00FD2E7C /* Models */,
				8B9673982B361B3100FD2E7C /* Views */,
				8BA53D962B494DBD006BE983 /* Components */,
				8B9673992B361B5200FD2E7C /* Extensions */,
				8B29E04A2B6A430D0003A647 /* Resources */,
				8B96738B2B36187E00FD2E7C /* Assets.xcassets */,
				8B9673902B36187E00FD2E7C /* Registry.entitlements */,
				8B9673912B36187E00FD2E7C /* Info.plist */,
				8B96738D2B36187E00FD2E7C /* Preview Content */,
			);
			path = Registry;
			sourceTree = "<group>";
		};
		8B96738D2B36187E00FD2E7C /* Preview Content */ = {
			isa = PBXGroup;
			children = (
				8B96738E2B36187E00FD2E7C /* Preview Assets.xcassets */,
			);
			path = "Preview Content";
			sourceTree = "<group>";
		};
		8B9673972B361B1F00FD2E7C /* Models */ = {
			isa = PBXGroup;
			children = (
				8B7801472B87B9920064DBFB /* PatientAppointment */,
				8B96739B2B361BA700FD2E7C /* Doctor */,
				8BDCCFD62B849F5B0086BF4D /* DoctorSchedule */,
				8BDCCFD92B849F7C0086BF4D /* Patient */,
				8B8AE98A2B57FCAE001A9143 /* PricelistItem */,
				8B183BB22B866CFE00FA1D46 /* BillTemplate */,
				8B183BA72B86600A00FA1D46 /* Report */,
				8B7EA85F2BA36F0600DE722C /* User */,
				8B96739E2B361C0900FD2E7C /* Department.swift */,
				8B9673A02B361C2300FD2E7C /* Salary.swift */,
				8B9673AE2B3623F200FD2E7C /* Person.swift */,
				8BDCCFE92B84A6770086BF4D /* Employee.swift */,
			);
			path = Models;
			sourceTree = "<group>";
		};
		8B9673982B361B3100FD2E7C /* Views */ = {
			isa = PBXGroup;
			children = (
				8B9673A22B361CA300FD2E7C /* Screens */,
				8BA53D932B494CC5006BE983 /* UIComponents */,
				8BA53D942B494CD9006BE983 /* ViewModifiers */,
				8BA53D952B494D43006BE983 /* Styles */,
			);
			path = Views;
			sourceTree = "<group>";
		};
		8B9673992B361B5200FD2E7C /* Extensions */ = {
			isa = PBXGroup;
			children = (
				8BA53D9B2B494E28006BE983 /* DateFormatter+Shared.swift */,
			);
			path = Extensions;
			sourceTree = "<group>";
		};
		8B96739A2B361B6500FD2E7C /* Coordinator */ = {
			isa = PBXGroup;
			children = (
				8B9673A62B361F4300FD2E7C /* Coordinator.swift */,
			);
			path = Coordinator;
			sourceTree = "<group>";
		};
		8B96739B2B361BA700FD2E7C /* Doctor */ = {
			isa = PBXGroup;
			children = (
				8B96739C2B361BB200FD2E7C /* Doctor.swift */,
			);
			path = Doctor;
			sourceTree = "<group>";
		};
		8B9673A22B361CA300FD2E7C /* Screens */ = {
			isa = PBXGroup;
			children = (
				8B9673A82B361F6700FD2E7C /* Screen.swift */,
				8B9673AA2B361F8D00FD2E7C /* Route.swift */,
				8B9673AC2B361FD200FD2E7C /* Sheet.swift */,
				8B45E61D2BB56BAF00834AE6 /* UserDetailScreen */,
				8B8B1A912BAB507E0061344C /* IndicatorsScreen */,
				8B78013B2B87B75F0064DBFB /* ScheduleScreen */,
				8B8B18862B88D422006ABD82 /* AppointmentsRegisterScreen */,
				8B69A13F2B8D125E00458F33 /* BillScreen */,
				8B183BA22B865D8000FA1D46 /* CashboxScreen */,
				8B9673A32B361CBB00FD2E7C /* DoctorsScreen */,
				8B8AE9812B57F7D2001A9143 /* DoctorDetailScreen */,
				8BDCCFD32B83BBD00086BF4D /* PatientsScreen */,
				8BBB964E2B85EFF900CA242F /* PatientCardScreen */,
				8BA0AAE72B5FA39500E9FD7E /* MedicalServicesScreen */,
			);
			path = Screens;
			sourceTree = "<group>";
		};
		8B9673A32B361CBB00FD2E7C /* DoctorsScreen */ = {
			isa = PBXGroup;
			children = (
				8B9673A42B361CD400FD2E7C /* DoctorsScreen.swift */,
				8BA53D922B494C83006BE983 /* Subviews */,
			);
			path = DoctorsScreen;
			sourceTree = "<group>";
		};
		8B9FA36F2B8CFAD200FF3C0B /* Controllers */ = {
			isa = PBXGroup;
			children = (
				8B9FA3702B8CFAF200FF3C0B /* ScheduleController.swift */,
				8B8DA96E2BA213BD00F6F847 /* MessageController.swift */,
				8BE4C68F2BB3461000264557 /* AuthorizationController.swift */,
			);
			path = Controllers;
			sourceTree = "<group>";
		};
		8BA0AAE72B5FA39500E9FD7E /* MedicalServicesScreen */ = {
			isa = PBXGroup;
			children = (
				8BA0AAE82B5FA3C400E9FD7E /* MedicalServicesScreen.swift */,
				8BA0AAEA2B5FA47D00E9FD7E /* Subviews */,
			);
			path = MedicalServicesScreen;
			sourceTree = "<group>";
		};
		8BA0AAEA2B5FA47D00E9FD7E /* Subviews */ = {
			isa = PBXGroup;
			children = (
				8BA0AAEB2B5FA49500E9FD7E /* CreatePricelistItemView.swift */,
				8BE377112BAC741200DBAE43 /* PricelistItemView.swift */,
			);
			path = Subviews;
			sourceTree = "<group>";
		};
		8BA53D922B494C83006BE983 /* Subviews */ = {
			isa = PBXGroup;
			children = (
				8B8AE9842B57FA26001A9143 /* CreateDoctorView */,
			);
			path = Subviews;
			sourceTree = "<group>";
		};
		8BA53D932B494CC5006BE983 /* UIComponents */ = {
			isa = PBXGroup;
			children = (
				8B7AC6612BBE99DB004653FA /* UpdateBalanceView */,
				8B7491DD2BBA942E0016FDE9 /* EditViews */,
				8B45E61A2BB564F800834AE6 /* UserView */,
				8B7EA85C2BA3357E00DE722C /* ReportingViews */,
				8B0FE9ED2B56F774003F474B /* DatePicker */,
				8B0FE9E92B56F69B003F474B /* DoctorView */,
				8B285F422B4DC80200C29E20 /* PersonImageView */,
				8B285F452B4DCD2800C29E20 /* DateFormatViews */,
				8B0FE9E02B56F52E003F474B /* SideBySideScreen */,
				8B0FE9E32B56F596003F474B /* SearchBar */,
				8B0FE9E62B56F642003F474B /* PhoneNumberTextField */,
				8B0FE9EC2B56F73C003F474B /* PricelistView */,
			);
			path = UIComponents;
			sourceTree = "<group>";
		};
		8BA53D942B494CD9006BE983 /* ViewModifiers */ = {
			isa = PBXGroup;
			children = (
				8B8AE98D2B58482C001A9143 /* CatalogToolbar */,
				8BA53DA42B494F22006BE983 /* SheetToolbar */,
				8BA53DA02B494EAC006BE983 /* SideSheet */,
				8BA53D9D2B494E4E006BE983 /* NavTitle */,
			);
			path = ViewModifiers;
			sourceTree = "<group>";
		};
		8BA53D952B494D43006BE983 /* Styles */ = {
			isa = PBXGroup;
			children = (
				8B285F3F2B4DB8A300C29E20 /* MinusBoxToggleStyle */,
			);
			path = Styles;
			sourceTree = "<group>";
		};
		8BA53D962B494DBD006BE983 /* Components */ = {
			isa = PBXGroup;
			children = (
				8B45E6122BB55DE400834AE6 /* Environment */,
				8BF534082BAF50530005C003 /* SalaryCharger.swift */,
				8BA53D972B494DE6006BE983 /* ExampleData.swift */,
				8BA53D992B494DFC006BE983 /* WorkingHours.swift */,
				8BBE1B1C2BA88BCF00E91140 /* StatisticsPeriod.swift */,
			);
			path = Components;
			sourceTree = "<group>";
		};
		8BA53D9D2B494E4E006BE983 /* NavTitle */ = {
			isa = PBXGroup;
			children = (
				8BA53D9E2B494E62006BE983 /* NavTitleViewModifier.swift */,
			);
			path = NavTitle;
			sourceTree = "<group>";
		};
		8BA53DA02B494EAC006BE983 /* SideSheet */ = {
			isa = PBXGroup;
			children = (
				8BA53DA12B494EBF006BE983 /* SideSheetView.swift */,
			);
			path = SideSheet;
			sourceTree = "<group>";
		};
		8BA53DA42B494F22006BE983 /* SheetToolbar */ = {
			isa = PBXGroup;
			children = (
				8BA53DA52B494F5D006BE983 /* SheetToolbarViewModifier.swift */,
			);
			path = SheetToolbar;
			sourceTree = "<group>";
		};
		8BBB964E2B85EFF900CA242F /* PatientCardScreen */ = {
			isa = PBXGroup;
			children = (
				8BBB964F2B85F04700CA242F /* PatientCardScreen.swift */,
				8BBB96512B85F1CB00CA242F /* Subviews */,
			);
			path = PatientCardScreen;
			sourceTree = "<group>";
		};
		8BBB96512B85F1CB00CA242F /* Subviews */ = {
			isa = PBXGroup;
			children = (
				8BBB96522B85F1EB00CA242F /* PassportDetailView.swift */,
				8BBB96542B85F1F600CA242F /* VisitsDetailView.swift */,
			);
			path = Subviews;
			sourceTree = "<group>";
		};
		8BDCCFD32B83BBD00086BF4D /* PatientsScreen */ = {
			isa = PBXGroup;
			children = (
				8BDCCFD42B83BBEA0086BF4D /* PatientsScreen.swift */,
			);
			path = PatientsScreen;
			sourceTree = "<group>";
		};
		8BDCCFD62B849F5B0086BF4D /* DoctorSchedule */ = {
			isa = PBXGroup;
			children = (
				8BDCCFD72B849F6C0086BF4D /* DoctorSchedule.swift */,
			);
			path = DoctorSchedule;
			sourceTree = "<group>";
		};
		8BDCCFD92B849F7C0086BF4D /* Patient */ = {
			isa = PBXGroup;
			children = (
				8BDCCFE22B84A2FE0086BF4D /* Visit */,
				8BDCCFDA2B849F960086BF4D /* Patient.swift */,
				8BDCCFDC2B84A0C40086BF4D /* PassportData.swift */,
				8BDCCFDE2B84A20C0086BF4D /* PlaceOfResidence.swift */,
				8BDCCFE02B84A2540086BF4D /* TreatmentPlan.swift */,
			);
			path = Patient;
			sourceTree = "<group>";
		};
		8BDCCFE22B84A2FE0086BF4D /* Visit */ = {
			isa = PBXGroup;
			children = (
				8BDCCFE32B84A3860086BF4D /* Visit.swift */,
				8BDCCFE52B84A3EC0086BF4D /* Bill.swift */,
				8BB2DD622B97396A00AD4749 /* Refund.swift */,
				8BDCCFE72B84A4080086BF4D /* RenderedService.swift */,
			);
			path = Visit;
			sourceTree = "<group>";
		};
		8BE4C6882BB33E0D00264557 /* CallAuthorizationService */ = {
			isa = PBXGroup;
			children = (
				8BE4C6892BB33EE400264557 /* CallAuthorizationService.swift */,
				8BE4C68B2BB33F3100264557 /* CallAuthorizationEntity.swift */,
				8BE4C68D2BB3403E00264557 /* CallAuthorizationServiceClient.swift */,
			);
			path = CallAuthorizationService;
			sourceTree = "<group>";
		};
/* End PBXGroup section */

/* Begin PBXNativeTarget section */
		8B9673812B36187D00FD2E7C /* Registry */ = {
			isa = PBXNativeTarget;
			buildConfigurationList = 8B9673942B36187E00FD2E7C /* Build configuration list for PBXNativeTarget "Registry" */;
			buildPhases = (
				8B96737E2B36187D00FD2E7C /* Sources */,
				8B96737F2B36187D00FD2E7C /* Frameworks */,
				8B9673802B36187D00FD2E7C /* Resources */,
			);
			buildRules = (
			);
			dependencies = (
			);
			name = Registry;
			packageProductDependencies = (
				8B7D5C7C2B592B3400E46AD8 /* Algorithms */,
			);
			productName = Registry;
			productReference = 8B9673822B36187D00FD2E7C /* Registry.app */;
			productType = "com.apple.product-type.application";
		};
/* End PBXNativeTarget section */

/* Begin PBXProject section */
		8B96737A2B36187D00FD2E7C /* Project object */ = {
			isa = PBXProject;
			attributes = {
				BuildIndependentTargetsInParallel = 1;
				LastSwiftUpdateCheck = 1510;
				LastUpgradeCheck = 1510;
				TargetAttributes = {
					8B9673812B36187D00FD2E7C = {
						CreatedOnToolsVersion = 15.1;
					};
				};
			};
			buildConfigurationList = 8B96737D2B36187D00FD2E7C /* Build configuration list for PBXProject "Registry" */;
			compatibilityVersion = "Xcode 14.0";
			developmentRegion = ru;
			hasScannedForEncodings = 0;
			knownRegions = (
				en,
				Base,
				ru,
			);
			mainGroup = 8B9673792B36187D00FD2E7C;
			packageReferences = (
				8B7D5C7B2B592B3400E46AD8 /* XCRemoteSwiftPackageReference "swift-algorithms" */,
			);
			productRefGroup = 8B9673832B36187D00FD2E7C /* Products */;
			projectDirPath = "";
			projectRoot = "";
			targets = (
				8B9673812B36187D00FD2E7C /* Registry */,
			);
		};
/* End PBXProject section */

/* Begin PBXResourcesBuildPhase section */
		8B9673802B36187D00FD2E7C /* Resources */ = {
			isa = PBXResourcesBuildPhase;
			buildActionMask = 2147483647;
			files = (
				8BEEEE7D2BB72E3E00739EA9 /* priceList(new).json in Resources */,
				8B96738F2B36187E00FD2E7C /* Preview Assets.xcassets in Resources */,
				8B96738C2B36187E00FD2E7C /* Assets.xcassets in Resources */,
			);
			runOnlyForDeploymentPostprocessing = 0;
		};
/* End PBXResourcesBuildPhase section */

/* Begin PBXSourcesBuildPhase section */
		8B96737E2B36187D00FD2E7C /* Sources */ = {
			isa = PBXSourcesBuildPhase;
			buildActionMask = 2147483647;
			files = (
				8B285F472B4DCD3D00C29E20 /* DateText.swift in Sources */,
				8B183BAB2B86605900FA1D46 /* Payment.swift in Sources */,
				8B9673AB2B361F8D00FD2E7C /* Route.swift in Sources */,
				8B8AE9892B57FAA3001A9143 /* PhotosPickerViewModel.swift in Sources */,
				8B285F442B4DC81800C29E20 /* PersonImageView.swift in Sources */,
				8BE4C68A2BB33EE400264557 /* CallAuthorizationService.swift in Sources */,
				8BDCCFE62B84A3EC0086BF4D /* Bill.swift in Sources */,
				8B78014F2B87C32B0064DBFB /* DoctorSelectionView.swift in Sources */,
				8B9673882B36187D00FD2E7C /* ContentView.swift in Sources */,
				8B8DA96D2BA210D700F6F847 /* ArtmedicsServices.swift in Sources */,
				8B8DA96F2BA213BD00F6F847 /* MessageController.swift in Sources */,
				8B3742652BA068BA00ED8DB7 /* User.swift in Sources */,
				8BF534092BAF50530005C003 /* SalaryCharger.swift in Sources */,
				8B0FE9E22B56F553003F474B /* SideBySideScreen.swift in Sources */,
				8BA53D982B494DE6006BE983 /* ExampleData.swift in Sources */,
				8B5B49C32BA4C60B006867EF /* PatientsChart.swift in Sources */,
				8B8AE98F2B58486A001A9143 /* CatalogToolbarViewModifier.swift in Sources */,
				8B6BAA022B8DD193000FF417 /* ServicesTable.swift in Sources */,
				8B8B188C2B88D51C006ABD82 /* AppointmentsRegisterScreen.swift in Sources */,
				8B8DA9672BA209E700F6F847 /* MessageEntity.swift in Sources */,
				8BE4C68E2BB3403E00264557 /* CallAuthorizationServiceClient.swift in Sources */,
				8BE4C6902BB3461000264557 /* AuthorizationController.swift in Sources */,
				8B9673A12B361C2300FD2E7C /* Salary.swift in Sources */,
				8B7A3C002B8C7C5300A48646 /* DoctorPayoutView.swift in Sources */,
				8BA8C80D2BBC2F6C00F2BCDD /* BillTemplatesController.swift in Sources */,
				8B8DA9692BA20F1C00F6F847 /* Message.swift in Sources */,
				8B7801412B87B7EA0064DBFB /* OffsetKey.swift in Sources */,
				8B40CF052BB5B26C00D3832B /* MessageError.swift in Sources */,
				8B7801462B87B8BC0064DBFB /* ScheduleChart.swift in Sources */,
				8BA0AAEC2B5FA49500E9FD7E /* CreatePricelistItemView.swift in Sources */,
				8B96739F2B361C0900FD2E7C /* Department.swift in Sources */,
				8B92B5702B87AC80004E0675 /* CreateSpendingView.swift in Sources */,
				8B7491DF2BBA943D0016FDE9 /* NameEditView.swift in Sources */,
				8B45E6112BB5588800834AE6 /* AnonymousUser.swift in Sources */,
				8B0FE9EF2B56F81C003F474B /* DatePickerDateView.swift in Sources */,
				8BDCCFE42B84A3860086BF4D /* Visit.swift in Sources */,
				8B6C68632BBB365000F08486 /* DoctorsChart.swift in Sources */,
				8B01B9B62B8BB7C6008A0AA7 /* AddPatientView.swift in Sources */,
				8B8B18922B88D8F0006ABD82 /* AppointmentView.swift in Sources */,
				8B9673AF2B3623F200FD2E7C /* Person.swift in Sources */,
				8B9FA3712B8CFAF200FF3C0B /* ScheduleController.swift in Sources */,
				8B285F492B4DCD7B00C29E20 /* DurationLabel.swift in Sources */,
				8B7AC6632BBE99EE004653FA /* UpdateBalanceView.swift in Sources */,
				8B8DA9632BA1E5AC00F6F847 /* MessageService.swift in Sources */,
				8B96739D2B361BB200FD2E7C /* Doctor.swift in Sources */,
				8B92B56A2B8797C8004E0675 /* CashboxScreen.swift in Sources */,
				8BBB96552B85F1F600CA242F /* VisitsDetailView.swift in Sources */,
				8B9673AD2B361FD200FD2E7C /* Sheet.swift in Sources */,
				8B9673A52B361CD400FD2E7C /* DoctorsScreen.swift in Sources */,
				8BE4C68C2BB33F3100264557 /* CallAuthorizationEntity.swift in Sources */,
				8BA53D9F2B494E62006BE983 /* NavTitleViewModifier.swift in Sources */,
				8B183BA62B865F9700FA1D46 /* PaymentDetailView.swift in Sources */,
				8B9673862B36187D00FD2E7C /* RegistryApp.swift in Sources */,
				8B7A3C032B8C8EBC00A48646 /* DoctorFutureSchedulesView.swift in Sources */,
				8B7EA8612BA36F2E00DE722C /* SuperUser.swift in Sources */,
				8B7EA85E2BA335C400DE722C /* CashboxReportingView.swift in Sources */,
				8BBE1B1D2BA88BCF00E91140 /* StatisticsPeriod.swift in Sources */,
				8BA53D9A2B494DFC006BE983 /* WorkingHours.swift in Sources */,
				8BDCCFD52B83BBEA0086BF4D /* PatientsScreen.swift in Sources */,
				8B0FE9E52B56F5B8003F474B /* SearchBar.swift in Sources */,
				8BBB96502B85F04700CA242F /* PatientCardScreen.swift in Sources */,
				8B0FE9E82B56F66D003F474B /* PhoneNumberTextField.swift in Sources */,
				8BDCCFEA2B84A6770086BF4D /* Employee.swift in Sources */,
				8B183BB42B866D0F00FA1D46 /* BillTemplate.swift in Sources */,
				8B6BAA072B8DD508000FF417 /* PriceCalculationView.swift in Sources */,
				8B2E70A62BB9ACAE00012C09 /* PhoneNumberEditView.swift in Sources */,
				8B6C68652BBB390F00F08486 /* SchedulesChart.swift in Sources */,
				8B183BAD2B86606400FA1D46 /* Report.swift in Sources */,
				8B45E6152BB55E0900834AE6 /* UserKey.swift in Sources */,
				8BDCCFDB2B849F960086BF4D /* Patient.swift in Sources */,
				8B285F412B4DB8D600C29E20 /* MinusBoxToggleStyle.swift in Sources */,
				8B183BB12B8661E800FA1D46 /* Payment.Method.swift in Sources */,
				8B9673A72B361F4300FD2E7C /* Coordinator.swift in Sources */,
				8B9673A92B361F6700FD2E7C /* Screen.swift in Sources */,
				8B8DA9602BA1CF6500F6F847 /* LoginScreen.swift in Sources */,
				8B45E61F2BB56BC300834AE6 /* UserDetailScreen.swift in Sources */,
				8B01B9B32B8B96B5008A0AA7 /* AppointmentsListView.swift in Sources */,
				8B6BAA0A2B8DD880000FF417 /* BillPaymentView.swift in Sources */,
				8B7801432B87B80D0064DBFB /* WeekdayPickerView.swift in Sources */,
				8B69A1422B8D134400458F33 /* BillScreen.swift in Sources */,
				8BB2DD632B97396A00AD4749 /* Refund.swift in Sources */,
				8BDCCFDD2B84A0C40086BF4D /* PassportData.swift in Sources */,
				8B4C22BB2B98E7EC00328BCD /* Payment.Subject.swift in Sources */,
				8B8AE9912B584BFC001A9143 /* PricelistView.swift in Sources */,
				8BF10FDE2B8F220D003AD57E /* Loader.swift in Sources */,
				8B45E61C2BB5650500834AE6 /* UserView.swift in Sources */,
				8BDCCFE12B84A2540086BF4D /* TreatmentPlan.swift in Sources */,
				8B78013E2B87B7A00064DBFB /* ScheduleScreen.swift in Sources */,
				8B7801492B87B9A60064DBFB /* PatientAppointment.swift in Sources */,
				8BA53DA62B494F5D006BE983 /* SheetToolbarViewModifier.swift in Sources */,
				8BDCCFDF2B84A20C0086BF4D /* PlaceOfResidence.swift in Sources */,
				8B0FE9EB2B56F6CC003F474B /* DoctorView.swift in Sources */,
				8BA53DA22B494EBF006BE983 /* SideSheetView.swift in Sources */,
				8B7491E22BBADE410016FDE9 /* DoctorSettingsView.swift in Sources */,
				8B183BB62B867A3100FA1D46 /* PaymentsView.swift in Sources */,
				8B8AE98C2B5811B8001A9143 /* PricelistItem.swift in Sources */,
				8B183BA92B86601B00FA1D46 /* Ledger.swift in Sources */,
				8BDCCFD82B849F6C0086BF4D /* DoctorSchedule.swift in Sources */,
				8B8B188F2B88D7B4006ABD82 /* DoctorScheduleHeaderView.swift in Sources */,
				8BA8C8112BBD42B200F2BCDD /* AddProcedurePatientView.swift in Sources */,
				8BA53D9C2B494E28006BE983 /* DateFormatter+Shared.swift in Sources */,
				8BD9FCD42BA970830055823D /* IndicatorsScreen.swift in Sources */,
				8BDCCFE82B84A4080086BF4D /* RenderedService.swift in Sources */,
				8BE377122BAC741200DBAE43 /* PricelistItemView.swift in Sources */,
				8B8AE9832B57F9F9001A9143 /* DoctorDetailScreen.swift in Sources */,
				8B6BAA102B8DE9B4000FF417 /* CompletedAppointmentView.swift in Sources */,
				8B8DA9652BA1E5E900F6F847 /* MessageServiceClient.swift in Sources */,
				8BBB96532B85F1EB00CA242F /* PassportDetailView.swift in Sources */,
				8BA0AAE92B5FA3C400E9FD7E /* MedicalServicesScreen.swift in Sources */,
				8B92B56E2B87AB1F004E0675 /* ReportView.swift in Sources */,
				8B01B9B82B8BB89F008A0AA7 /* PatientsList.swift in Sources */,
				8B6BAA0D2B8DE508000FF417 /* CreateBillTemplateView.swift in Sources */,
				8B183BAF2B8661C000FA1D46 /* Payment.Purpose.swift in Sources */,
				8B8B188A2B88D4B0006ABD82 /* SchedulesListView.swift in Sources */,
				8B78014C2B87BFD70064DBFB /* CreateDoctorScheduleView.swift in Sources */,
				8B8AE9872B57FA46001A9143 /* CreateDoctorView.swift in Sources */,
			);
			runOnlyForDeploymentPostprocessing = 0;
		};
/* End PBXSourcesBuildPhase section */

/* Begin XCBuildConfiguration section */
		8B9673922B36187E00FD2E7C /* Debug */ = {
			isa = XCBuildConfiguration;
			buildSettings = {
				ALWAYS_SEARCH_USER_PATHS = NO;
				ASSETCATALOG_COMPILER_GENERATE_SWIFT_ASSET_SYMBOL_EXTENSIONS = YES;
				CLANG_ANALYZER_NONNULL = YES;
				CLANG_ANALYZER_NUMBER_OBJECT_CONVERSION = YES_AGGRESSIVE;
				CLANG_CXX_LANGUAGE_STANDARD = "gnu++20";
				CLANG_ENABLE_MODULES = YES;
				CLANG_ENABLE_OBJC_ARC = YES;
				CLANG_ENABLE_OBJC_WEAK = YES;
				CLANG_WARN_BLOCK_CAPTURE_AUTORELEASING = YES;
				CLANG_WARN_BOOL_CONVERSION = YES;
				CLANG_WARN_COMMA = YES;
				CLANG_WARN_CONSTANT_CONVERSION = YES;
				CLANG_WARN_DEPRECATED_OBJC_IMPLEMENTATIONS = YES;
				CLANG_WARN_DIRECT_OBJC_ISA_USAGE = YES_ERROR;
				CLANG_WARN_DOCUMENTATION_COMMENTS = YES;
				CLANG_WARN_EMPTY_BODY = YES;
				CLANG_WARN_ENUM_CONVERSION = YES;
				CLANG_WARN_INFINITE_RECURSION = YES;
				CLANG_WARN_INT_CONVERSION = YES;
				CLANG_WARN_NON_LITERAL_NULL_CONVERSION = YES;
				CLANG_WARN_OBJC_IMPLICIT_RETAIN_SELF = YES;
				CLANG_WARN_OBJC_LITERAL_CONVERSION = YES;
				CLANG_WARN_OBJC_ROOT_CLASS = YES_ERROR;
				CLANG_WARN_QUOTED_INCLUDE_IN_FRAMEWORK_HEADER = YES;
				CLANG_WARN_RANGE_LOOP_ANALYSIS = YES;
				CLANG_WARN_STRICT_PROTOTYPES = YES;
				CLANG_WARN_SUSPICIOUS_MOVE = YES;
				CLANG_WARN_UNGUARDED_AVAILABILITY = YES_AGGRESSIVE;
				CLANG_WARN_UNREACHABLE_CODE = YES;
				CLANG_WARN__DUPLICATE_METHOD_MATCH = YES;
				COPY_PHASE_STRIP = NO;
				DEBUG_INFORMATION_FORMAT = dwarf;
				ENABLE_STRICT_OBJC_MSGSEND = YES;
				ENABLE_TESTABILITY = YES;
				ENABLE_USER_SCRIPT_SANDBOXING = YES;
				GCC_C_LANGUAGE_STANDARD = gnu17;
				GCC_DYNAMIC_NO_PIC = NO;
				GCC_NO_COMMON_BLOCKS = YES;
				GCC_OPTIMIZATION_LEVEL = 0;
				GCC_PREPROCESSOR_DEFINITIONS = (
					"DEBUG=1",
					"$(inherited)",
				);
				GCC_WARN_64_TO_32_BIT_CONVERSION = YES;
				GCC_WARN_ABOUT_RETURN_TYPE = YES_ERROR;
				GCC_WARN_UNDECLARED_SELECTOR = YES;
				GCC_WARN_UNINITIALIZED_AUTOS = YES_AGGRESSIVE;
				GCC_WARN_UNUSED_FUNCTION = YES;
				GCC_WARN_UNUSED_VARIABLE = YES;
				IPHONEOS_DEPLOYMENT_TARGET = 17.2;
				LOCALIZATION_PREFERS_STRING_CATALOGS = YES;
				MTL_ENABLE_DEBUG_INFO = INCLUDE_SOURCE;
				MTL_FAST_MATH = YES;
				ONLY_ACTIVE_ARCH = YES;
				SDKROOT = iphoneos;
				SWIFT_ACTIVE_COMPILATION_CONDITIONS = "DEBUG $(inherited)";
				SWIFT_OPTIMIZATION_LEVEL = "-Onone";
			};
			name = Debug;
		};
		8B9673932B36187E00FD2E7C /* Release */ = {
			isa = XCBuildConfiguration;
			buildSettings = {
				ALWAYS_SEARCH_USER_PATHS = NO;
				ASSETCATALOG_COMPILER_GENERATE_SWIFT_ASSET_SYMBOL_EXTENSIONS = YES;
				CLANG_ANALYZER_NONNULL = YES;
				CLANG_ANALYZER_NUMBER_OBJECT_CONVERSION = YES_AGGRESSIVE;
				CLANG_CXX_LANGUAGE_STANDARD = "gnu++20";
				CLANG_ENABLE_MODULES = YES;
				CLANG_ENABLE_OBJC_ARC = YES;
				CLANG_ENABLE_OBJC_WEAK = YES;
				CLANG_WARN_BLOCK_CAPTURE_AUTORELEASING = YES;
				CLANG_WARN_BOOL_CONVERSION = YES;
				CLANG_WARN_COMMA = YES;
				CLANG_WARN_CONSTANT_CONVERSION = YES;
				CLANG_WARN_DEPRECATED_OBJC_IMPLEMENTATIONS = YES;
				CLANG_WARN_DIRECT_OBJC_ISA_USAGE = YES_ERROR;
				CLANG_WARN_DOCUMENTATION_COMMENTS = YES;
				CLANG_WARN_EMPTY_BODY = YES;
				CLANG_WARN_ENUM_CONVERSION = YES;
				CLANG_WARN_INFINITE_RECURSION = YES;
				CLANG_WARN_INT_CONVERSION = YES;
				CLANG_WARN_NON_LITERAL_NULL_CONVERSION = YES;
				CLANG_WARN_OBJC_IMPLICIT_RETAIN_SELF = YES;
				CLANG_WARN_OBJC_LITERAL_CONVERSION = YES;
				CLANG_WARN_OBJC_ROOT_CLASS = YES_ERROR;
				CLANG_WARN_QUOTED_INCLUDE_IN_FRAMEWORK_HEADER = YES;
				CLANG_WARN_RANGE_LOOP_ANALYSIS = YES;
				CLANG_WARN_STRICT_PROTOTYPES = YES;
				CLANG_WARN_SUSPICIOUS_MOVE = YES;
				CLANG_WARN_UNGUARDED_AVAILABILITY = YES_AGGRESSIVE;
				CLANG_WARN_UNREACHABLE_CODE = YES;
				CLANG_WARN__DUPLICATE_METHOD_MATCH = YES;
				COPY_PHASE_STRIP = NO;
				DEBUG_INFORMATION_FORMAT = "dwarf-with-dsym";
				ENABLE_NS_ASSERTIONS = NO;
				ENABLE_STRICT_OBJC_MSGSEND = YES;
				ENABLE_USER_SCRIPT_SANDBOXING = YES;
				GCC_C_LANGUAGE_STANDARD = gnu17;
				GCC_NO_COMMON_BLOCKS = YES;
				GCC_WARN_64_TO_32_BIT_CONVERSION = YES;
				GCC_WARN_ABOUT_RETURN_TYPE = YES_ERROR;
				GCC_WARN_UNDECLARED_SELECTOR = YES;
				GCC_WARN_UNINITIALIZED_AUTOS = YES_AGGRESSIVE;
				GCC_WARN_UNUSED_FUNCTION = YES;
				GCC_WARN_UNUSED_VARIABLE = YES;
				IPHONEOS_DEPLOYMENT_TARGET = 17.2;
				LOCALIZATION_PREFERS_STRING_CATALOGS = YES;
				MTL_ENABLE_DEBUG_INFO = NO;
				MTL_FAST_MATH = YES;
				SDKROOT = iphoneos;
				SWIFT_COMPILATION_MODE = wholemodule;
				VALIDATE_PRODUCT = YES;
			};
			name = Release;
		};
		8B9673952B36187E00FD2E7C /* Debug */ = {
			isa = XCBuildConfiguration;
			buildSettings = {
				ASSETCATALOG_COMPILER_APPICON_NAME = AppIcon;
				ASSETCATALOG_COMPILER_GLOBAL_ACCENT_COLOR_NAME = AccentColor;
				CODE_SIGN_ENTITLEMENTS = Registry/Registry.entitlements;
				CODE_SIGN_STYLE = Automatic;
				CURRENT_PROJECT_VERSION = 1;
				DEVELOPMENT_ASSET_PATHS = "\"Registry/Preview Content\"";
				DEVELOPMENT_TEAM = WQ6FU7ZZ8T;
				ENABLE_PREVIEWS = YES;
				GENERATE_INFOPLIST_FILE = YES;
				INFOPLIST_FILE = Registry/Info.plist;
				INFOPLIST_KEY_UIApplicationSceneManifest_Generation = YES;
				INFOPLIST_KEY_UIApplicationSupportsIndirectInputEvents = YES;
				INFOPLIST_KEY_UILaunchScreen_Generation = YES;
				INFOPLIST_KEY_UISupportedInterfaceOrientations = "UIInterfaceOrientationLandscapeLeft UIInterfaceOrientationLandscapeRight UIInterfaceOrientationPortrait";
				INFOPLIST_KEY_UISupportedInterfaceOrientations_iPad = "UIInterfaceOrientationLandscapeLeft UIInterfaceOrientationLandscapeRight UIInterfaceOrientationPortrait UIInterfaceOrientationPortraitUpsideDown";
				LD_RUNPATH_SEARCH_PATHS = (
					"$(inherited)",
					"@executable_path/Frameworks",
				);
				MARKETING_VERSION = 1.0;
				PRODUCT_BUNDLE_IDENTIFIER = com.yourcompany.Registry;
				PRODUCT_NAME = "$(TARGET_NAME)";
				SUPPORTED_PLATFORMS = "iphoneos iphonesimulator";
				SUPPORTS_MACCATALYST = NO;
				SUPPORTS_MAC_DESIGNED_FOR_IPHONE_IPAD = NO;
				SUPPORTS_XR_DESIGNED_FOR_IPHONE_IPAD = NO;
				SWIFT_EMIT_LOC_STRINGS = YES;
				SWIFT_VERSION = 5.0;
				TARGETED_DEVICE_FAMILY = "1,2";
			};
			name = Debug;
		};
		8B9673962B36187E00FD2E7C /* Release */ = {
			isa = XCBuildConfiguration;
			buildSettings = {
				ASSETCATALOG_COMPILER_APPICON_NAME = AppIcon;
				ASSETCATALOG_COMPILER_GLOBAL_ACCENT_COLOR_NAME = AccentColor;
				CODE_SIGN_ENTITLEMENTS = Registry/Registry.entitlements;
				CODE_SIGN_STYLE = Automatic;
				CURRENT_PROJECT_VERSION = 1;
				DEVELOPMENT_ASSET_PATHS = "\"Registry/Preview Content\"";
				DEVELOPMENT_TEAM = WQ6FU7ZZ8T;
				ENABLE_PREVIEWS = YES;
				GENERATE_INFOPLIST_FILE = YES;
				INFOPLIST_FILE = Registry/Info.plist;
				INFOPLIST_KEY_UIApplicationSceneManifest_Generation = YES;
				INFOPLIST_KEY_UIApplicationSupportsIndirectInputEvents = YES;
				INFOPLIST_KEY_UILaunchScreen_Generation = YES;
				INFOPLIST_KEY_UISupportedInterfaceOrientations = "UIInterfaceOrientationLandscapeLeft UIInterfaceOrientationLandscapeRight UIInterfaceOrientationPortrait";
				INFOPLIST_KEY_UISupportedInterfaceOrientations_iPad = "UIInterfaceOrientationLandscapeLeft UIInterfaceOrientationLandscapeRight UIInterfaceOrientationPortrait UIInterfaceOrientationPortraitUpsideDown";
				LD_RUNPATH_SEARCH_PATHS = (
					"$(inherited)",
					"@executable_path/Frameworks",
				);
				MARKETING_VERSION = 1.0;
				PRODUCT_BUNDLE_IDENTIFIER = com.yourcompany.Registry;
				PRODUCT_NAME = "$(TARGET_NAME)";
				SUPPORTED_PLATFORMS = "iphoneos iphonesimulator";
				SUPPORTS_MACCATALYST = NO;
				SUPPORTS_MAC_DESIGNED_FOR_IPHONE_IPAD = NO;
				SUPPORTS_XR_DESIGNED_FOR_IPHONE_IPAD = NO;
				SWIFT_EMIT_LOC_STRINGS = YES;
				SWIFT_VERSION = 5.0;
				TARGETED_DEVICE_FAMILY = "1,2";
			};
			name = Release;
		};
/* End XCBuildConfiguration section */

/* Begin XCConfigurationList section */
		8B96737D2B36187D00FD2E7C /* Build configuration list for PBXProject "Registry" */ = {
			isa = XCConfigurationList;
			buildConfigurations = (
				8B9673922B36187E00FD2E7C /* Debug */,
				8B9673932B36187E00FD2E7C /* Release */,
			);
			defaultConfigurationIsVisible = 0;
			defaultConfigurationName = Release;
		};
		8B9673942B36187E00FD2E7C /* Build configuration list for PBXNativeTarget "Registry" */ = {
			isa = XCConfigurationList;
			buildConfigurations = (
				8B9673952B36187E00FD2E7C /* Debug */,
				8B9673962B36187E00FD2E7C /* Release */,
			);
			defaultConfigurationIsVisible = 0;
			defaultConfigurationName = Release;
		};
/* End XCConfigurationList section */

/* Begin XCRemoteSwiftPackageReference section */
		8B7D5C7B2B592B3400E46AD8 /* XCRemoteSwiftPackageReference "swift-algorithms" */ = {
			isa = XCRemoteSwiftPackageReference;
			repositoryURL = "https://github.com/apple/swift-algorithms.git";
			requirement = {
				kind = upToNextMajorVersion;
				minimumVersion = 1.2.0;
			};
		};
/* End XCRemoteSwiftPackageReference section */

/* Begin XCSwiftPackageProductDependency section */
		8B7D5C7C2B592B3400E46AD8 /* Algorithms */ = {
			isa = XCSwiftPackageProductDependency;
			package = 8B7D5C7B2B592B3400E46AD8 /* XCRemoteSwiftPackageReference "swift-algorithms" */;
			productName = Algorithms;
		};
/* End XCSwiftPackageProductDependency section */
	};
	rootObject = 8B96737A2B36187D00FD2E7C /* Project object */;
}
