// !$*UTF8*$!
{
	archiveVersion = 1;
	classes = {
	};
	objectVersion = 56;
	objects = {

/* Begin PBXBuildFile section */
		8B0FE9E22B56F553003F474B /* SideBySideScreen.swift in Sources */ = {isa = PBXBuildFile; fileRef = 8B0FE9E12B56F553003F474B /* SideBySideScreen.swift */; };
		8B0FE9E52B56F5B8003F474B /* SearchBar.swift in Sources */ = {isa = PBXBuildFile; fileRef = 8B0FE9E42B56F5B8003F474B /* SearchBar.swift */; };
		8B0FE9E82B56F66D003F474B /* PhoneNumberTextField.swift in Sources */ = {isa = PBXBuildFile; fileRef = 8B0FE9E72B56F66D003F474B /* PhoneNumberTextField.swift */; };
		8B0FE9EB2B56F6CC003F474B /* DoctorView.swift in Sources */ = {isa = PBXBuildFile; fileRef = 8B0FE9EA2B56F6CC003F474B /* DoctorView.swift */; };
		8B0FE9EF2B56F81C003F474B /* DatePickerDateView.swift in Sources */ = {isa = PBXBuildFile; fileRef = 8B0FE9EE2B56F81C003F474B /* DatePickerDateView.swift */; };
		8B285F412B4DB8D600C29E20 /* iOSCheckBoxToggleStyle.swift in Sources */ = {isa = PBXBuildFile; fileRef = 8B285F402B4DB8D600C29E20 /* iOSCheckBoxToggleStyle.swift */; };
		8B285F442B4DC81800C29E20 /* DoctorImageView.swift in Sources */ = {isa = PBXBuildFile; fileRef = 8B285F432B4DC81800C29E20 /* DoctorImageView.swift */; };
		8B285F472B4DCD3D00C29E20 /* DateText.swift in Sources */ = {isa = PBXBuildFile; fileRef = 8B285F462B4DCD3D00C29E20 /* DateText.swift */; };
		8B285F492B4DCD7B00C29E20 /* DurationLabel.swift in Sources */ = {isa = PBXBuildFile; fileRef = 8B285F482B4DCD7B00C29E20 /* DurationLabel.swift */; };
		8B29E04C2B6A43360003A647 /* priceList.json in Resources */ = {isa = PBXBuildFile; fileRef = 8B29E04B2B6A43360003A647 /* priceList.json */; };
		8B7D5C7D2B592B3400E46AD8 /* Algorithms in Frameworks */ = {isa = PBXBuildFile; productRef = 8B7D5C7C2B592B3400E46AD8 /* Algorithms */; };
		8B8AE9832B57F9F9001A9143 /* DoctorDetailScreen.swift in Sources */ = {isa = PBXBuildFile; fileRef = 8B8AE9822B57F9F9001A9143 /* DoctorDetailScreen.swift */; };
		8B8AE9872B57FA46001A9143 /* CreateDoctorView.swift in Sources */ = {isa = PBXBuildFile; fileRef = 8B8AE9862B57FA46001A9143 /* CreateDoctorView.swift */; };
		8B8AE9892B57FAA3001A9143 /* PhotosPickerViewModel.swift in Sources */ = {isa = PBXBuildFile; fileRef = 8B8AE9882B57FAA3001A9143 /* PhotosPickerViewModel.swift */; };
		8B8AE98C2B5811B8001A9143 /* PricelistItem.swift in Sources */ = {isa = PBXBuildFile; fileRef = 8B8AE98B2B5811B8001A9143 /* PricelistItem.swift */; };
		8B8AE98F2B58486A001A9143 /* CatalogToolbarViewModifier.swift in Sources */ = {isa = PBXBuildFile; fileRef = 8B8AE98E2B58486A001A9143 /* CatalogToolbarViewModifier.swift */; };
		8B8AE9912B584BFC001A9143 /* PricelistView.swift in Sources */ = {isa = PBXBuildFile; fileRef = 8B8AE9902B584BFC001A9143 /* PricelistView.swift */; };
		8B9673862B36187D00FD2E7C /* RegistryApp.swift in Sources */ = {isa = PBXBuildFile; fileRef = 8B9673852B36187D00FD2E7C /* RegistryApp.swift */; };
		8B9673882B36187D00FD2E7C /* ContentView.swift in Sources */ = {isa = PBXBuildFile; fileRef = 8B9673872B36187D00FD2E7C /* ContentView.swift */; };
		8B96738C2B36187E00FD2E7C /* Assets.xcassets in Resources */ = {isa = PBXBuildFile; fileRef = 8B96738B2B36187E00FD2E7C /* Assets.xcassets */; };
		8B96738F2B36187E00FD2E7C /* Preview Assets.xcassets in Resources */ = {isa = PBXBuildFile; fileRef = 8B96738E2B36187E00FD2E7C /* Preview Assets.xcassets */; };
		8B96739D2B361BB200FD2E7C /* Doctor.swift in Sources */ = {isa = PBXBuildFile; fileRef = 8B96739C2B361BB200FD2E7C /* Doctor.swift */; };
		8B96739F2B361C0900FD2E7C /* Department.swift in Sources */ = {isa = PBXBuildFile; fileRef = 8B96739E2B361C0900FD2E7C /* Department.swift */; };
		8B9673A12B361C2300FD2E7C /* Salary.swift in Sources */ = {isa = PBXBuildFile; fileRef = 8B9673A02B361C2300FD2E7C /* Salary.swift */; };
		8B9673A52B361CD400FD2E7C /* DoctorsScreen.swift in Sources */ = {isa = PBXBuildFile; fileRef = 8B9673A42B361CD400FD2E7C /* DoctorsScreen.swift */; };
		8B9673A72B361F4300FD2E7C /* Coordinator.swift in Sources */ = {isa = PBXBuildFile; fileRef = 8B9673A62B361F4300FD2E7C /* Coordinator.swift */; };
		8B9673A92B361F6700FD2E7C /* Screen.swift in Sources */ = {isa = PBXBuildFile; fileRef = 8B9673A82B361F6700FD2E7C /* Screen.swift */; };
		8B9673AB2B361F8D00FD2E7C /* Route.swift in Sources */ = {isa = PBXBuildFile; fileRef = 8B9673AA2B361F8D00FD2E7C /* Route.swift */; };
		8B9673AD2B361FD200FD2E7C /* Sheet.swift in Sources */ = {isa = PBXBuildFile; fileRef = 8B9673AC2B361FD200FD2E7C /* Sheet.swift */; };
		8B9673AF2B3623F200FD2E7C /* Person.swift in Sources */ = {isa = PBXBuildFile; fileRef = 8B9673AE2B3623F200FD2E7C /* Person.swift */; };
		8BA0AAE92B5FA3C400E9FD7E /* MedicalServicesScreen.swift in Sources */ = {isa = PBXBuildFile; fileRef = 8BA0AAE82B5FA3C400E9FD7E /* MedicalServicesScreen.swift */; };
		8BA0AAEC2B5FA49500E9FD7E /* CreatePricelistItemView.swift in Sources */ = {isa = PBXBuildFile; fileRef = 8BA0AAEB2B5FA49500E9FD7E /* CreatePricelistItemView.swift */; };
		8BA53D982B494DE6006BE983 /* ExampleData.swift in Sources */ = {isa = PBXBuildFile; fileRef = 8BA53D972B494DE6006BE983 /* ExampleData.swift */; };
		8BA53D9A2B494DFC006BE983 /* WorkingHours.swift in Sources */ = {isa = PBXBuildFile; fileRef = 8BA53D992B494DFC006BE983 /* WorkingHours.swift */; };
		8BA53D9C2B494E28006BE983 /* DateFormatter+Shared.swift in Sources */ = {isa = PBXBuildFile; fileRef = 8BA53D9B2B494E28006BE983 /* DateFormatter+Shared.swift */; };
		8BA53D9F2B494E62006BE983 /* NavTitleViewModifier.swift in Sources */ = {isa = PBXBuildFile; fileRef = 8BA53D9E2B494E62006BE983 /* NavTitleViewModifier.swift */; };
		8BA53DA22B494EBF006BE983 /* SideSheetView.swift in Sources */ = {isa = PBXBuildFile; fileRef = 8BA53DA12B494EBF006BE983 /* SideSheetView.swift */; };
		8BA53DA62B494F5D006BE983 /* SheetToolbarViewModifier.swift in Sources */ = {isa = PBXBuildFile; fileRef = 8BA53DA52B494F5D006BE983 /* SheetToolbarViewModifier.swift */; };
		8BBB96502B85F04700CA242F /* PatientCardScreen.swift in Sources */ = {isa = PBXBuildFile; fileRef = 8BBB964F2B85F04700CA242F /* PatientCardScreen.swift */; };
		8BBB96532B85F1EB00CA242F /* PassportDetailView.swift in Sources */ = {isa = PBXBuildFile; fileRef = 8BBB96522B85F1EB00CA242F /* PassportDetailView.swift */; };
		8BBB96552B85F1F600CA242F /* VisitsDetailView.swift in Sources */ = {isa = PBXBuildFile; fileRef = 8BBB96542B85F1F600CA242F /* VisitsDetailView.swift */; };
		8BDCCFD52B83BBEA0086BF4D /* PatientsScreen.swift in Sources */ = {isa = PBXBuildFile; fileRef = 8BDCCFD42B83BBEA0086BF4D /* PatientsScreen.swift */; };
		8BDCCFD82B849F6C0086BF4D /* DoctorSchedule.swift in Sources */ = {isa = PBXBuildFile; fileRef = 8BDCCFD72B849F6C0086BF4D /* DoctorSchedule.swift */; };
		8BDCCFDB2B849F960086BF4D /* Patient.swift in Sources */ = {isa = PBXBuildFile; fileRef = 8BDCCFDA2B849F960086BF4D /* Patient.swift */; };
		8BDCCFDD2B84A0C40086BF4D /* PassportData.swift in Sources */ = {isa = PBXBuildFile; fileRef = 8BDCCFDC2B84A0C40086BF4D /* PassportData.swift */; };
		8BDCCFDF2B84A20C0086BF4D /* PlaceOfResidence.swift in Sources */ = {isa = PBXBuildFile; fileRef = 8BDCCFDE2B84A20C0086BF4D /* PlaceOfResidence.swift */; };
		8BDCCFE12B84A2540086BF4D /* TreatmentPlan.swift in Sources */ = {isa = PBXBuildFile; fileRef = 8BDCCFE02B84A2540086BF4D /* TreatmentPlan.swift */; };
		8BDCCFE42B84A3860086BF4D /* Visit.swift in Sources */ = {isa = PBXBuildFile; fileRef = 8BDCCFE32B84A3860086BF4D /* Visit.swift */; };
		8BDCCFE62B84A3EC0086BF4D /* Bill.swift in Sources */ = {isa = PBXBuildFile; fileRef = 8BDCCFE52B84A3EC0086BF4D /* Bill.swift */; };
		8BDCCFE82B84A4080086BF4D /* RenderedService.swift in Sources */ = {isa = PBXBuildFile; fileRef = 8BDCCFE72B84A4080086BF4D /* RenderedService.swift */; };
		8BDCCFEA2B84A6770086BF4D /* Employee.swift in Sources */ = {isa = PBXBuildFile; fileRef = 8BDCCFE92B84A6770086BF4D /* Employee.swift */; };
		8BEEDF032B85EB1000542F2D /* CreatePatientView.swift in Sources */ = {isa = PBXBuildFile; fileRef = 8BEEDF022B85EB1000542F2D /* CreatePatientView.swift */; };
/* End PBXBuildFile section */

/* Begin PBXFileReference section */
		8B0FE9E12B56F553003F474B /* SideBySideScreen.swift */ = {isa = PBXFileReference; lastKnownFileType = sourcecode.swift; path = SideBySideScreen.swift; sourceTree = "<group>"; };
		8B0FE9E42B56F5B8003F474B /* SearchBar.swift */ = {isa = PBXFileReference; lastKnownFileType = sourcecode.swift; path = SearchBar.swift; sourceTree = "<group>"; };
		8B0FE9E72B56F66D003F474B /* PhoneNumberTextField.swift */ = {isa = PBXFileReference; lastKnownFileType = sourcecode.swift; path = PhoneNumberTextField.swift; sourceTree = "<group>"; };
		8B0FE9EA2B56F6CC003F474B /* DoctorView.swift */ = {isa = PBXFileReference; lastKnownFileType = sourcecode.swift; path = DoctorView.swift; sourceTree = "<group>"; };
		8B0FE9EE2B56F81C003F474B /* DatePickerDateView.swift */ = {isa = PBXFileReference; lastKnownFileType = sourcecode.swift; path = DatePickerDateView.swift; sourceTree = "<group>"; };
		8B285F402B4DB8D600C29E20 /* iOSCheckBoxToggleStyle.swift */ = {isa = PBXFileReference; lastKnownFileType = sourcecode.swift; path = iOSCheckBoxToggleStyle.swift; sourceTree = "<group>"; };
		8B285F432B4DC81800C29E20 /* DoctorImageView.swift */ = {isa = PBXFileReference; lastKnownFileType = sourcecode.swift; path = DoctorImageView.swift; sourceTree = "<group>"; };
		8B285F462B4DCD3D00C29E20 /* DateText.swift */ = {isa = PBXFileReference; lastKnownFileType = sourcecode.swift; path = DateText.swift; sourceTree = "<group>"; };
		8B285F482B4DCD7B00C29E20 /* DurationLabel.swift */ = {isa = PBXFileReference; lastKnownFileType = sourcecode.swift; path = DurationLabel.swift; sourceTree = "<group>"; };
		8B29E04B2B6A43360003A647 /* priceList.json */ = {isa = PBXFileReference; fileEncoding = 4; lastKnownFileType = text.json; path = priceList.json; sourceTree = "<group>"; };
		8B8AE9822B57F9F9001A9143 /* DoctorDetailScreen.swift */ = {isa = PBXFileReference; lastKnownFileType = sourcecode.swift; path = DoctorDetailScreen.swift; sourceTree = "<group>"; };
		8B8AE9862B57FA46001A9143 /* CreateDoctorView.swift */ = {isa = PBXFileReference; lastKnownFileType = sourcecode.swift; path = CreateDoctorView.swift; sourceTree = "<group>"; };
		8B8AE9882B57FAA3001A9143 /* PhotosPickerViewModel.swift */ = {isa = PBXFileReference; lastKnownFileType = sourcecode.swift; path = PhotosPickerViewModel.swift; sourceTree = "<group>"; };
		8B8AE98B2B5811B8001A9143 /* PricelistItem.swift */ = {isa = PBXFileReference; lastKnownFileType = sourcecode.swift; path = PricelistItem.swift; sourceTree = "<group>"; };
		8B8AE98E2B58486A001A9143 /* CatalogToolbarViewModifier.swift */ = {isa = PBXFileReference; lastKnownFileType = sourcecode.swift; path = CatalogToolbarViewModifier.swift; sourceTree = "<group>"; };
		8B8AE9902B584BFC001A9143 /* PricelistView.swift */ = {isa = PBXFileReference; lastKnownFileType = sourcecode.swift; path = PricelistView.swift; sourceTree = "<group>"; };
		8B9673822B36187D00FD2E7C /* Registry.app */ = {isa = PBXFileReference; explicitFileType = wrapper.application; includeInIndex = 0; path = Registry.app; sourceTree = BUILT_PRODUCTS_DIR; };
		8B9673852B36187D00FD2E7C /* RegistryApp.swift */ = {isa = PBXFileReference; lastKnownFileType = sourcecode.swift; path = RegistryApp.swift; sourceTree = "<group>"; };
		8B9673872B36187D00FD2E7C /* ContentView.swift */ = {isa = PBXFileReference; lastKnownFileType = sourcecode.swift; path = ContentView.swift; sourceTree = "<group>"; };
		8B96738B2B36187E00FD2E7C /* Assets.xcassets */ = {isa = PBXFileReference; lastKnownFileType = folder.assetcatalog; path = Assets.xcassets; sourceTree = "<group>"; };
		8B96738E2B36187E00FD2E7C /* Preview Assets.xcassets */ = {isa = PBXFileReference; lastKnownFileType = folder.assetcatalog; path = "Preview Assets.xcassets"; sourceTree = "<group>"; };
		8B9673902B36187E00FD2E7C /* Registry.entitlements */ = {isa = PBXFileReference; lastKnownFileType = text.plist.entitlements; path = Registry.entitlements; sourceTree = "<group>"; };
		8B9673912B36187E00FD2E7C /* Info.plist */ = {isa = PBXFileReference; lastKnownFileType = text.plist.xml; path = Info.plist; sourceTree = "<group>"; };
		8B96739C2B361BB200FD2E7C /* Doctor.swift */ = {isa = PBXFileReference; lastKnownFileType = sourcecode.swift; path = Doctor.swift; sourceTree = "<group>"; };
		8B96739E2B361C0900FD2E7C /* Department.swift */ = {isa = PBXFileReference; lastKnownFileType = sourcecode.swift; path = Department.swift; sourceTree = "<group>"; };
		8B9673A02B361C2300FD2E7C /* Salary.swift */ = {isa = PBXFileReference; lastKnownFileType = sourcecode.swift; path = Salary.swift; sourceTree = "<group>"; };
		8B9673A42B361CD400FD2E7C /* DoctorsScreen.swift */ = {isa = PBXFileReference; lastKnownFileType = sourcecode.swift; path = DoctorsScreen.swift; sourceTree = "<group>"; };
		8B9673A62B361F4300FD2E7C /* Coordinator.swift */ = {isa = PBXFileReference; lastKnownFileType = sourcecode.swift; path = Coordinator.swift; sourceTree = "<group>"; };
		8B9673A82B361F6700FD2E7C /* Screen.swift */ = {isa = PBXFileReference; lastKnownFileType = sourcecode.swift; path = Screen.swift; sourceTree = "<group>"; };
		8B9673AA2B361F8D00FD2E7C /* Route.swift */ = {isa = PBXFileReference; lastKnownFileType = sourcecode.swift; path = Route.swift; sourceTree = "<group>"; };
		8B9673AC2B361FD200FD2E7C /* Sheet.swift */ = {isa = PBXFileReference; lastKnownFileType = sourcecode.swift; path = Sheet.swift; sourceTree = "<group>"; };
		8B9673AE2B3623F200FD2E7C /* Person.swift */ = {isa = PBXFileReference; lastKnownFileType = sourcecode.swift; path = Person.swift; sourceTree = "<group>"; };
		8BA0AAE82B5FA3C400E9FD7E /* MedicalServicesScreen.swift */ = {isa = PBXFileReference; lastKnownFileType = sourcecode.swift; path = MedicalServicesScreen.swift; sourceTree = "<group>"; };
		8BA0AAEB2B5FA49500E9FD7E /* CreatePricelistItemView.swift */ = {isa = PBXFileReference; lastKnownFileType = sourcecode.swift; path = CreatePricelistItemView.swift; sourceTree = "<group>"; };
		8BA53D972B494DE6006BE983 /* ExampleData.swift */ = {isa = PBXFileReference; lastKnownFileType = sourcecode.swift; path = ExampleData.swift; sourceTree = "<group>"; };
		8BA53D992B494DFC006BE983 /* WorkingHours.swift */ = {isa = PBXFileReference; lastKnownFileType = sourcecode.swift; path = WorkingHours.swift; sourceTree = "<group>"; };
		8BA53D9B2B494E28006BE983 /* DateFormatter+Shared.swift */ = {isa = PBXFileReference; lastKnownFileType = sourcecode.swift; path = "DateFormatter+Shared.swift"; sourceTree = "<group>"; };
		8BA53D9E2B494E62006BE983 /* NavTitleViewModifier.swift */ = {isa = PBXFileReference; lastKnownFileType = sourcecode.swift; path = NavTitleViewModifier.swift; sourceTree = "<group>"; };
		8BA53DA12B494EBF006BE983 /* SideSheetView.swift */ = {isa = PBXFileReference; lastKnownFileType = sourcecode.swift; path = SideSheetView.swift; sourceTree = "<group>"; };
		8BA53DA52B494F5D006BE983 /* SheetToolbarViewModifier.swift */ = {isa = PBXFileReference; lastKnownFileType = sourcecode.swift; path = SheetToolbarViewModifier.swift; sourceTree = "<group>"; };
		8BBB964F2B85F04700CA242F /* PatientCardScreen.swift */ = {isa = PBXFileReference; lastKnownFileType = sourcecode.swift; path = PatientCardScreen.swift; sourceTree = "<group>"; };
		8BBB96522B85F1EB00CA242F /* PassportDetailView.swift */ = {isa = PBXFileReference; lastKnownFileType = sourcecode.swift; path = PassportDetailView.swift; sourceTree = "<group>"; };
		8BBB96542B85F1F600CA242F /* VisitsDetailView.swift */ = {isa = PBXFileReference; lastKnownFileType = sourcecode.swift; path = VisitsDetailView.swift; sourceTree = "<group>"; };
		8BDCCFD42B83BBEA0086BF4D /* PatientsScreen.swift */ = {isa = PBXFileReference; lastKnownFileType = sourcecode.swift; path = PatientsScreen.swift; sourceTree = "<group>"; };
		8BDCCFD72B849F6C0086BF4D /* DoctorSchedule.swift */ = {isa = PBXFileReference; lastKnownFileType = sourcecode.swift; path = DoctorSchedule.swift; sourceTree = "<group>"; };
		8BDCCFDA2B849F960086BF4D /* Patient.swift */ = {isa = PBXFileReference; lastKnownFileType = sourcecode.swift; path = Patient.swift; sourceTree = "<group>"; };
		8BDCCFDC2B84A0C40086BF4D /* PassportData.swift */ = {isa = PBXFileReference; lastKnownFileType = sourcecode.swift; path = PassportData.swift; sourceTree = "<group>"; };
		8BDCCFDE2B84A20C0086BF4D /* PlaceOfResidence.swift */ = {isa = PBXFileReference; lastKnownFileType = sourcecode.swift; path = PlaceOfResidence.swift; sourceTree = "<group>"; };
		8BDCCFE02B84A2540086BF4D /* TreatmentPlan.swift */ = {isa = PBXFileReference; lastKnownFileType = sourcecode.swift; path = TreatmentPlan.swift; sourceTree = "<group>"; };
		8BDCCFE32B84A3860086BF4D /* Visit.swift */ = {isa = PBXFileReference; lastKnownFileType = sourcecode.swift; path = Visit.swift; sourceTree = "<group>"; };
		8BDCCFE52B84A3EC0086BF4D /* Bill.swift */ = {isa = PBXFileReference; lastKnownFileType = sourcecode.swift; path = Bill.swift; sourceTree = "<group>"; };
		8BDCCFE72B84A4080086BF4D /* RenderedService.swift */ = {isa = PBXFileReference; lastKnownFileType = sourcecode.swift; path = RenderedService.swift; sourceTree = "<group>"; };
		8BDCCFE92B84A6770086BF4D /* Employee.swift */ = {isa = PBXFileReference; lastKnownFileType = sourcecode.swift; path = Employee.swift; sourceTree = "<group>"; };
		8BEEDF022B85EB1000542F2D /* CreatePatientView.swift */ = {isa = PBXFileReference; lastKnownFileType = sourcecode.swift; path = CreatePatientView.swift; sourceTree = "<group>"; };
/* End PBXFileReference section */

/* Begin PBXFrameworksBuildPhase section */
		8B96737F2B36187D00FD2E7C /* Frameworks */ = {
			isa = PBXFrameworksBuildPhase;
			buildActionMask = 2147483647;
			files = (
				8B7D5C7D2B592B3400E46AD8 /* Algorithms in Frameworks */,
			);
			runOnlyForDeploymentPostprocessing = 0;
		};
/* End PBXFrameworksBuildPhase section */

/* Begin PBXGroup section */
		8B0FE9E02B56F52E003F474B /* SideBySideScreen */ = {
			isa = PBXGroup;
			children = (
				8B0FE9E12B56F553003F474B /* SideBySideScreen.swift */,
			);
			path = SideBySideScreen;
			sourceTree = "<group>";
		};
		8B0FE9E32B56F596003F474B /* SearchBar */ = {
			isa = PBXGroup;
			children = (
				8B0FE9E42B56F5B8003F474B /* SearchBar.swift */,
			);
			path = SearchBar;
			sourceTree = "<group>";
		};
		8B0FE9E62B56F642003F474B /* PhoneNumberTextField */ = {
			isa = PBXGroup;
			children = (
				8B0FE9E72B56F66D003F474B /* PhoneNumberTextField.swift */,
			);
			path = PhoneNumberTextField;
			sourceTree = "<group>";
		};
		8B0FE9E92B56F69B003F474B /* DoctorView */ = {
			isa = PBXGroup;
			children = (
				8B0FE9EA2B56F6CC003F474B /* DoctorView.swift */,
			);
			path = DoctorView;
			sourceTree = "<group>";
		};
		8B0FE9EC2B56F73C003F474B /* PricelistView */ = {
			isa = PBXGroup;
			children = (
				8B8AE9902B584BFC001A9143 /* PricelistView.swift */,
			);
			path = PricelistView;
			sourceTree = "<group>";
		};
		8B0FE9ED2B56F774003F474B /* DatePicker */ = {
			isa = PBXGroup;
			children = (
				8B0FE9EE2B56F81C003F474B /* DatePickerDateView.swift */,
			);
			path = DatePicker;
			sourceTree = "<group>";
		};
		8B285F3F2B4DB8A300C29E20 /* iOSCheckBoxToggleStyle */ = {
			isa = PBXGroup;
			children = (
				8B285F402B4DB8D600C29E20 /* iOSCheckBoxToggleStyle.swift */,
			);
			path = iOSCheckBoxToggleStyle;
			sourceTree = "<group>";
		};
		8B285F422B4DC80200C29E20 /* DoctorImageView */ = {
			isa = PBXGroup;
			children = (
				8B285F432B4DC81800C29E20 /* DoctorImageView.swift */,
			);
			path = DoctorImageView;
			sourceTree = "<group>";
		};
		8B285F452B4DCD2800C29E20 /* DateFormatViews */ = {
			isa = PBXGroup;
			children = (
				8B285F462B4DCD3D00C29E20 /* DateText.swift */,
				8B285F482B4DCD7B00C29E20 /* DurationLabel.swift */,
			);
			path = DateFormatViews;
			sourceTree = "<group>";
		};
		8B29E04A2B6A430D0003A647 /* Resources */ = {
			isa = PBXGroup;
			children = (
				8B29E04B2B6A43360003A647 /* priceList.json */,
			);
			path = Resources;
			sourceTree = "<group>";
		};
		8B8AE9812B57F7D2001A9143 /* DoctorDetailScreen */ = {
			isa = PBXGroup;
			children = (
				8B8AE9822B57F9F9001A9143 /* DoctorDetailScreen.swift */,
			);
			path = DoctorDetailScreen;
			sourceTree = "<group>";
		};
		8B8AE9842B57FA26001A9143 /* CreateDoctorView */ = {
			isa = PBXGroup;
			children = (
				8B8AE9852B57FA33001A9143 /* VIewModel */,
				8B8AE9862B57FA46001A9143 /* CreateDoctorView.swift */,
			);
			path = CreateDoctorView;
			sourceTree = "<group>";
		};
		8B8AE9852B57FA33001A9143 /* VIewModel */ = {
			isa = PBXGroup;
			children = (
				8B8AE9882B57FAA3001A9143 /* PhotosPickerViewModel.swift */,
			);
			path = VIewModel;
			sourceTree = "<group>";
		};
		8B8AE98A2B57FCAE001A9143 /* PricelistItem */ = {
			isa = PBXGroup;
			children = (
				8B8AE98B2B5811B8001A9143 /* PricelistItem.swift */,
			);
			path = PricelistItem;
			sourceTree = "<group>";
		};
		8B8AE98D2B58482C001A9143 /* CatalogToolbar */ = {
			isa = PBXGroup;
			children = (
				8B8AE98E2B58486A001A9143 /* CatalogToolbarViewModifier.swift */,
			);
			path = CatalogToolbar;
			sourceTree = "<group>";
		};
		8B9673792B36187D00FD2E7C = {
			isa = PBXGroup;
			children = (
				8B9673842B36187D00FD2E7C /* Registry */,
				8B9673832B36187D00FD2E7C /* Products */,
			);
			sourceTree = "<group>";
		};
		8B9673832B36187D00FD2E7C /* Products */ = {
			isa = PBXGroup;
			children = (
				8B9673822B36187D00FD2E7C /* Registry.app */,
			);
			name = Products;
			sourceTree = "<group>";
		};
		8B9673842B36187D00FD2E7C /* Registry */ = {
			isa = PBXGroup;
			children = (
				8B9673852B36187D00FD2E7C /* RegistryApp.swift */,
				8B9673872B36187D00FD2E7C /* ContentView.swift */,
				8B96739A2B361B6500FD2E7C /* Coordinator */,
				8B9673972B361B1F00FD2E7C /* Models */,
				8B9673982B361B3100FD2E7C /* Views */,
				8BA53D962B494DBD006BE983 /* Components */,
				8B9673992B361B5200FD2E7C /* Extensions */,
				8B29E04A2B6A430D0003A647 /* Resources */,
				8B96738B2B36187E00FD2E7C /* Assets.xcassets */,
				8B9673902B36187E00FD2E7C /* Registry.entitlements */,
				8B9673912B36187E00FD2E7C /* Info.plist */,
				8B96738D2B36187E00FD2E7C /* Preview Content */,
			);
			path = Registry;
			sourceTree = "<group>";
		};
		8B96738D2B36187E00FD2E7C /* Preview Content */ = {
			isa = PBXGroup;
			children = (
				8B96738E2B36187E00FD2E7C /* Preview Assets.xcassets */,
			);
			path = "Preview Content";
			sourceTree = "<group>";
		};
		8B9673972B361B1F00FD2E7C /* Models */ = {
			isa = PBXGroup;
			children = (
				8B96739B2B361BA700FD2E7C /* Doctor */,
				8BDCCFD62B849F5B0086BF4D /* DoctorSchedule */,
				8BDCCFD92B849F7C0086BF4D /* Patient */,
				8B8AE98A2B57FCAE001A9143 /* PricelistItem */,
				8B96739E2B361C0900FD2E7C /* Department.swift */,
				8B9673A02B361C2300FD2E7C /* Salary.swift */,
				8B9673AE2B3623F200FD2E7C /* Person.swift */,
				8BDCCFE92B84A6770086BF4D /* Employee.swift */,
			);
			path = Models;
			sourceTree = "<group>";
		};
		8B9673982B361B3100FD2E7C /* Views */ = {
			isa = PBXGroup;
			children = (
				8B9673A22B361CA300FD2E7C /* Screens */,
				8BA53D932B494CC5006BE983 /* UIComponents */,
				8BA53D942B494CD9006BE983 /* ViewModifiers */,
				8BA53D952B494D43006BE983 /* Styles */,
			);
			path = Views;
			sourceTree = "<group>";
		};
		8B9673992B361B5200FD2E7C /* Extensions */ = {
			isa = PBXGroup;
			children = (
				8BA53D9B2B494E28006BE983 /* DateFormatter+Shared.swift */,
			);
			path = Extensions;
			sourceTree = "<group>";
		};
		8B96739A2B361B6500FD2E7C /* Coordinator */ = {
			isa = PBXGroup;
			children = (
				8B9673A62B361F4300FD2E7C /* Coordinator.swift */,
			);
			path = Coordinator;
			sourceTree = "<group>";
		};
		8B96739B2B361BA700FD2E7C /* Doctor */ = {
			isa = PBXGroup;
			children = (
				8B96739C2B361BB200FD2E7C /* Doctor.swift */,
			);
			path = Doctor;
			sourceTree = "<group>";
		};
		8B9673A22B361CA300FD2E7C /* Screens */ = {
			isa = PBXGroup;
			children = (
				8B9673A82B361F6700FD2E7C /* Screen.swift */,
				8B9673AA2B361F8D00FD2E7C /* Route.swift */,
				8B9673AC2B361FD200FD2E7C /* Sheet.swift */,
				8B9673A32B361CBB00FD2E7C /* DoctorsScreen */,
				8B8AE9812B57F7D2001A9143 /* DoctorDetailScreen */,
				8BDCCFD32B83BBD00086BF4D /* PatientsScreen */,
				8BBB964E2B85EFF900CA242F /* PatientCardScreen */,
				8BA0AAE72B5FA39500E9FD7E /* MedicalServicesScreen */,
			);
			path = Screens;
			sourceTree = "<group>";
		};
		8B9673A32B361CBB00FD2E7C /* DoctorsScreen */ = {
			isa = PBXGroup;
			children = (
				8B9673A42B361CD400FD2E7C /* DoctorsScreen.swift */,
				8BA53D922B494C83006BE983 /* Subviews */,
			);
			path = DoctorsScreen;
			sourceTree = "<group>";
		};
		8BA0AAE72B5FA39500E9FD7E /* MedicalServicesScreen */ = {
			isa = PBXGroup;
			children = (
				8BA0AAE82B5FA3C400E9FD7E /* MedicalServicesScreen.swift */,
				8BA0AAEA2B5FA47D00E9FD7E /* Subviews */,
			);
			path = MedicalServicesScreen;
			sourceTree = "<group>";
		};
		8BA0AAEA2B5FA47D00E9FD7E /* Subviews */ = {
			isa = PBXGroup;
			children = (
				8BA0AAEB2B5FA49500E9FD7E /* CreatePricelistItemView.swift */,
			);
			path = Subviews;
			sourceTree = "<group>";
		};
		8BA53D922B494C83006BE983 /* Subviews */ = {
			isa = PBXGroup;
			children = (
				8B8AE9842B57FA26001A9143 /* CreateDoctorView */,
			);
			path = Subviews;
			sourceTree = "<group>";
		};
		8BA53D932B494CC5006BE983 /* UIComponents */ = {
			isa = PBXGroup;
			children = (
				8B0FE9ED2B56F774003F474B /* DatePicker */,
				8B0FE9E92B56F69B003F474B /* DoctorView */,
				8B285F422B4DC80200C29E20 /* DoctorImageView */,
				8B285F452B4DCD2800C29E20 /* DateFormatViews */,
				8B0FE9E02B56F52E003F474B /* SideBySideScreen */,
				8B0FE9E32B56F596003F474B /* SearchBar */,
				8B0FE9E62B56F642003F474B /* PhoneNumberTextField */,
				8B0FE9EC2B56F73C003F474B /* PricelistView */,
			);
			path = UIComponents;
			sourceTree = "<group>";
		};
		8BA53D942B494CD9006BE983 /* ViewModifiers */ = {
			isa = PBXGroup;
			children = (
				8B8AE98D2B58482C001A9143 /* CatalogToolbar */,
				8BA53DA42B494F22006BE983 /* SheetToolbar */,
				8BA53DA02B494EAC006BE983 /* SideSheet */,
				8BA53D9D2B494E4E006BE983 /* NavTitle */,
			);
			path = ViewModifiers;
			sourceTree = "<group>";
		};
		8BA53D952B494D43006BE983 /* Styles */ = {
			isa = PBXGroup;
			children = (
				8B285F3F2B4DB8A300C29E20 /* iOSCheckBoxToggleStyle */,
			);
			path = Styles;
			sourceTree = "<group>";
		};
		8BA53D962B494DBD006BE983 /* Components */ = {
			isa = PBXGroup;
			children = (
				8BA53D972B494DE6006BE983 /* ExampleData.swift */,
				8BA53D992B494DFC006BE983 /* WorkingHours.swift */,
			);
			path = Components;
			sourceTree = "<group>";
		};
		8BA53D9D2B494E4E006BE983 /* NavTitle */ = {
			isa = PBXGroup;
			children = (
				8BA53D9E2B494E62006BE983 /* NavTitleViewModifier.swift */,
			);
			path = NavTitle;
			sourceTree = "<group>";
		};
		8BA53DA02B494EAC006BE983 /* SideSheet */ = {
			isa = PBXGroup;
			children = (
				8BA53DA12B494EBF006BE983 /* SideSheetView.swift */,
			);
			path = SideSheet;
			sourceTree = "<group>";
		};
		8BA53DA42B494F22006BE983 /* SheetToolbar */ = {
			isa = PBXGroup;
			children = (
				8BA53DA52B494F5D006BE983 /* SheetToolbarViewModifier.swift */,
			);
			path = SheetToolbar;
			sourceTree = "<group>";
		};
		8BBB964E2B85EFF900CA242F /* PatientCardScreen */ = {
			isa = PBXGroup;
			children = (
				8BBB964F2B85F04700CA242F /* PatientCardScreen.swift */,
				8BBB96512B85F1CB00CA242F /* Subviews */,
			);
			path = PatientCardScreen;
			sourceTree = "<group>";
		};
		8BBB96512B85F1CB00CA242F /* Subviews */ = {
			isa = PBXGroup;
			children = (
				8BBB96522B85F1EB00CA242F /* PassportDetailView.swift */,
				8BBB96542B85F1F600CA242F /* VisitsDetailView.swift */,
			);
			path = Subviews;
			sourceTree = "<group>";
		};
		8BDCCFD32B83BBD00086BF4D /* PatientsScreen */ = {
			isa = PBXGroup;
			children = (
				8BDCCFD42B83BBEA0086BF4D /* PatientsScreen.swift */,
				8BEEDF012B85EAE800542F2D /* Subviews */,
			);
			path = PatientsScreen;
			sourceTree = "<group>";
		};
		8BDCCFD62B849F5B0086BF4D /* DoctorSchedule */ = {
			isa = PBXGroup;
			children = (
				8BDCCFD72B849F6C0086BF4D /* DoctorSchedule.swift */,
			);
			path = DoctorSchedule;
			sourceTree = "<group>";
		};
		8BDCCFD92B849F7C0086BF4D /* Patient */ = {
			isa = PBXGroup;
			children = (
				8BDCCFE22B84A2FE0086BF4D /* Visit */,
				8BDCCFDA2B849F960086BF4D /* Patient.swift */,
				8BDCCFDC2B84A0C40086BF4D /* PassportData.swift */,
				8BDCCFDE2B84A20C0086BF4D /* PlaceOfResidence.swift */,
				8BDCCFE02B84A2540086BF4D /* TreatmentPlan.swift */,
			);
			path = Patient;
			sourceTree = "<group>";
		};
		8BDCCFE22B84A2FE0086BF4D /* Visit */ = {
			isa = PBXGroup;
			children = (
				8BDCCFE32B84A3860086BF4D /* Visit.swift */,
				8BDCCFE52B84A3EC0086BF4D /* Bill.swift */,
				8BDCCFE72B84A4080086BF4D /* RenderedService.swift */,
			);
			path = Visit;
			sourceTree = "<group>";
		};
		8BEEDF012B85EAE800542F2D /* Subviews */ = {
			isa = PBXGroup;
			children = (
				8BEEDF022B85EB1000542F2D /* CreatePatientView.swift */,
			);
			path = Subviews;
			sourceTree = "<group>";
		};
/* End PBXGroup section */

/* Begin PBXNativeTarget section */
		8B9673812B36187D00FD2E7C /* Registry */ = {
			isa = PBXNativeTarget;
			buildConfigurationList = 8B9673942B36187E00FD2E7C /* Build configuration list for PBXNativeTarget "Registry" */;
			buildPhases = (
				8B96737E2B36187D00FD2E7C /* Sources */,
				8B96737F2B36187D00FD2E7C /* Frameworks */,
				8B9673802B36187D00FD2E7C /* Resources */,
			);
			buildRules = (
			);
			dependencies = (
			);
			name = Registry;
			packageProductDependencies = (
				8B7D5C7C2B592B3400E46AD8 /* Algorithms */,
			);
			productName = Registry;
			productReference = 8B9673822B36187D00FD2E7C /* Registry.app */;
			productType = "com.apple.product-type.application";
		};
/* End PBXNativeTarget section */

/* Begin PBXProject section */
		8B96737A2B36187D00FD2E7C /* Project object */ = {
			isa = PBXProject;
			attributes = {
				BuildIndependentTargetsInParallel = 1;
				LastSwiftUpdateCheck = 1510;
				LastUpgradeCheck = 1510;
				TargetAttributes = {
					8B9673812B36187D00FD2E7C = {
						CreatedOnToolsVersion = 15.1;
					};
				};
			};
			buildConfigurationList = 8B96737D2B36187D00FD2E7C /* Build configuration list for PBXProject "Registry" */;
			compatibilityVersion = "Xcode 14.0";
			developmentRegion = en;
			hasScannedForEncodings = 0;
			knownRegions = (
				en,
				Base,
			);
			mainGroup = 8B9673792B36187D00FD2E7C;
			packageReferences = (
				8B7D5C7B2B592B3400E46AD8 /* XCRemoteSwiftPackageReference "swift-algorithms" */,
			);
			productRefGroup = 8B9673832B36187D00FD2E7C /* Products */;
			projectDirPath = "";
			projectRoot = "";
			targets = (
				8B9673812B36187D00FD2E7C /* Registry */,
			);
		};
/* End PBXProject section */

/* Begin PBXResourcesBuildPhase section */
		8B9673802B36187D00FD2E7C /* Resources */ = {
			isa = PBXResourcesBuildPhase;
			buildActionMask = 2147483647;
			files = (
				8B29E04C2B6A43360003A647 /* priceList.json in Resources */,
				8B96738F2B36187E00FD2E7C /* Preview Assets.xcassets in Resources */,
				8B96738C2B36187E00FD2E7C /* Assets.xcassets in Resources */,
			);
			runOnlyForDeploymentPostprocessing = 0;
		};
/* End PBXResourcesBuildPhase section */

/* Begin PBXSourcesBuildPhase section */
		8B96737E2B36187D00FD2E7C /* Sources */ = {
			isa = PBXSourcesBuildPhase;
			buildActionMask = 2147483647;
			files = (
				8B285F472B4DCD3D00C29E20 /* DateText.swift in Sources */,
				8B9673AB2B361F8D00FD2E7C /* Route.swift in Sources */,
				8B8AE9892B57FAA3001A9143 /* PhotosPickerViewModel.swift in Sources */,
				8B285F442B4DC81800C29E20 /* DoctorImageView.swift in Sources */,
				8BDCCFE62B84A3EC0086BF4D /* Bill.swift in Sources */,
				8B9673882B36187D00FD2E7C /* ContentView.swift in Sources */,
				8B0FE9E22B56F553003F474B /* SideBySideScreen.swift in Sources */,
				8BA53D982B494DE6006BE983 /* ExampleData.swift in Sources */,
				8B8AE98F2B58486A001A9143 /* CatalogToolbarViewModifier.swift in Sources */,
				8B9673A12B361C2300FD2E7C /* Salary.swift in Sources */,
				8BA0AAEC2B5FA49500E9FD7E /* CreatePricelistItemView.swift in Sources */,
				8B96739F2B361C0900FD2E7C /* Department.swift in Sources */,
				8B0FE9EF2B56F81C003F474B /* DatePickerDateView.swift in Sources */,
				8BDCCFE42B84A3860086BF4D /* Visit.swift in Sources */,
				8B9673AF2B3623F200FD2E7C /* Person.swift in Sources */,
				8B285F492B4DCD7B00C29E20 /* DurationLabel.swift in Sources */,
				8B96739D2B361BB200FD2E7C /* Doctor.swift in Sources */,
				8BBB96552B85F1F600CA242F /* VisitsDetailView.swift in Sources */,
				8B9673AD2B361FD200FD2E7C /* Sheet.swift in Sources */,
				8B9673A52B361CD400FD2E7C /* DoctorsScreen.swift in Sources */,
				8BA53D9F2B494E62006BE983 /* NavTitleViewModifier.swift in Sources */,
				8BEEDF032B85EB1000542F2D /* CreatePatientView.swift in Sources */,
				8B9673862B36187D00FD2E7C /* RegistryApp.swift in Sources */,
				8BA53D9A2B494DFC006BE983 /* WorkingHours.swift in Sources */,
				8BDCCFD52B83BBEA0086BF4D /* PatientsScreen.swift in Sources */,
				8B0FE9E52B56F5B8003F474B /* SearchBar.swift in Sources */,
				8BBB96502B85F04700CA242F /* PatientCardScreen.swift in Sources */,
				8B0FE9E82B56F66D003F474B /* PhoneNumberTextField.swift in Sources */,
				8BDCCFEA2B84A6770086BF4D /* Employee.swift in Sources */,
				8BDCCFDB2B849F960086BF4D /* Patient.swift in Sources */,
				8B285F412B4DB8D600C29E20 /* iOSCheckBoxToggleStyle.swift in Sources */,
				8B9673A72B361F4300FD2E7C /* Coordinator.swift in Sources */,
				8B9673A92B361F6700FD2E7C /* Screen.swift in Sources */,
				8BDCCFDD2B84A0C40086BF4D /* PassportData.swift in Sources */,
				8B8AE9912B584BFC001A9143 /* PricelistView.swift in Sources */,
				8BDCCFE12B84A2540086BF4D /* TreatmentPlan.swift in Sources */,
				8BA53DA62B494F5D006BE983 /* SheetToolbarViewModifier.swift in Sources */,
				8BDCCFDF2B84A20C0086BF4D /* PlaceOfResidence.swift in Sources */,
				8B0FE9EB2B56F6CC003F474B /* DoctorView.swift in Sources */,
				8BA53DA22B494EBF006BE983 /* SideSheetView.swift in Sources */,
				8B8AE98C2B5811B8001A9143 /* PricelistItem.swift in Sources */,
				8BDCCFD82B849F6C0086BF4D /* DoctorSchedule.swift in Sources */,
				8BA53D9C2B494E28006BE983 /* DateFormatter+Shared.swift in Sources */,
				8BDCCFE82B84A4080086BF4D /* RenderedService.swift in Sources */,
				8B8AE9832B57F9F9001A9143 /* DoctorDetailScreen.swift in Sources */,
				8BBB96532B85F1EB00CA242F /* PassportDetailView.swift in Sources */,
				8BA0AAE92B5FA3C400E9FD7E /* MedicalServicesScreen.swift in Sources */,
				8B8AE9872B57FA46001A9143 /* CreateDoctorView.swift in Sources */,
			);
			runOnlyForDeploymentPostprocessing = 0;
		};
/* End PBXSourcesBuildPhase section */

/* Begin XCBuildConfiguration section */
		8B9673922B36187E00FD2E7C /* Debug */ = {
			isa = XCBuildConfiguration;
			buildSettings = {
				ALWAYS_SEARCH_USER_PATHS = NO;
				ASSETCATALOG_COMPILER_GENERATE_SWIFT_ASSET_SYMBOL_EXTENSIONS = YES;
				CLANG_ANALYZER_NONNULL = YES;
				CLANG_ANALYZER_NUMBER_OBJECT_CONVERSION = YES_AGGRESSIVE;
				CLANG_CXX_LANGUAGE_STANDARD = "gnu++20";
				CLANG_ENABLE_MODULES = YES;
				CLANG_ENABLE_OBJC_ARC = YES;
				CLANG_ENABLE_OBJC_WEAK = YES;
				CLANG_WARN_BLOCK_CAPTURE_AUTORELEASING = YES;
				CLANG_WARN_BOOL_CONVERSION = YES;
				CLANG_WARN_COMMA = YES;
				CLANG_WARN_CONSTANT_CONVERSION = YES;
				CLANG_WARN_DEPRECATED_OBJC_IMPLEMENTATIONS = YES;
				CLANG_WARN_DIRECT_OBJC_ISA_USAGE = YES_ERROR;
				CLANG_WARN_DOCUMENTATION_COMMENTS = YES;
				CLANG_WARN_EMPTY_BODY = YES;
				CLANG_WARN_ENUM_CONVERSION = YES;
				CLANG_WARN_INFINITE_RECURSION = YES;
				CLANG_WARN_INT_CONVERSION = YES;
				CLANG_WARN_NON_LITERAL_NULL_CONVERSION = YES;
				CLANG_WARN_OBJC_IMPLICIT_RETAIN_SELF = YES;
				CLANG_WARN_OBJC_LITERAL_CONVERSION = YES;
				CLANG_WARN_OBJC_ROOT_CLASS = YES_ERROR;
				CLANG_WARN_QUOTED_INCLUDE_IN_FRAMEWORK_HEADER = YES;
				CLANG_WARN_RANGE_LOOP_ANALYSIS = YES;
				CLANG_WARN_STRICT_PROTOTYPES = YES;
				CLANG_WARN_SUSPICIOUS_MOVE = YES;
				CLANG_WARN_UNGUARDED_AVAILABILITY = YES_AGGRESSIVE;
				CLANG_WARN_UNREACHABLE_CODE = YES;
				CLANG_WARN__DUPLICATE_METHOD_MATCH = YES;
				COPY_PHASE_STRIP = NO;
				DEBUG_INFORMATION_FORMAT = dwarf;
				ENABLE_STRICT_OBJC_MSGSEND = YES;
				ENABLE_TESTABILITY = YES;
				ENABLE_USER_SCRIPT_SANDBOXING = YES;
				GCC_C_LANGUAGE_STANDARD = gnu17;
				GCC_DYNAMIC_NO_PIC = NO;
				GCC_NO_COMMON_BLOCKS = YES;
				GCC_OPTIMIZATION_LEVEL = 0;
				GCC_PREPROCESSOR_DEFINITIONS = (
					"DEBUG=1",
					"$(inherited)",
				);
				GCC_WARN_64_TO_32_BIT_CONVERSION = YES;
				GCC_WARN_ABOUT_RETURN_TYPE = YES_ERROR;
				GCC_WARN_UNDECLARED_SELECTOR = YES;
				GCC_WARN_UNINITIALIZED_AUTOS = YES_AGGRESSIVE;
				GCC_WARN_UNUSED_FUNCTION = YES;
				GCC_WARN_UNUSED_VARIABLE = YES;
				IPHONEOS_DEPLOYMENT_TARGET = 17.2;
				LOCALIZATION_PREFERS_STRING_CATALOGS = YES;
				MTL_ENABLE_DEBUG_INFO = INCLUDE_SOURCE;
				MTL_FAST_MATH = YES;
				ONLY_ACTIVE_ARCH = YES;
				SDKROOT = iphoneos;
				SWIFT_ACTIVE_COMPILATION_CONDITIONS = "DEBUG $(inherited)";
				SWIFT_OPTIMIZATION_LEVEL = "-Onone";
			};
			name = Debug;
		};
		8B9673932B36187E00FD2E7C /* Release */ = {
			isa = XCBuildConfiguration;
			buildSettings = {
				ALWAYS_SEARCH_USER_PATHS = NO;
				ASSETCATALOG_COMPILER_GENERATE_SWIFT_ASSET_SYMBOL_EXTENSIONS = YES;
				CLANG_ANALYZER_NONNULL = YES;
				CLANG_ANALYZER_NUMBER_OBJECT_CONVERSION = YES_AGGRESSIVE;
				CLANG_CXX_LANGUAGE_STANDARD = "gnu++20";
				CLANG_ENABLE_MODULES = YES;
				CLANG_ENABLE_OBJC_ARC = YES;
				CLANG_ENABLE_OBJC_WEAK = YES;
				CLANG_WARN_BLOCK_CAPTURE_AUTORELEASING = YES;
				CLANG_WARN_BOOL_CONVERSION = YES;
				CLANG_WARN_COMMA = YES;
				CLANG_WARN_CONSTANT_CONVERSION = YES;
				CLANG_WARN_DEPRECATED_OBJC_IMPLEMENTATIONS = YES;
				CLANG_WARN_DIRECT_OBJC_ISA_USAGE = YES_ERROR;
				CLANG_WARN_DOCUMENTATION_COMMENTS = YES;
				CLANG_WARN_EMPTY_BODY = YES;
				CLANG_WARN_ENUM_CONVERSION = YES;
				CLANG_WARN_INFINITE_RECURSION = YES;
				CLANG_WARN_INT_CONVERSION = YES;
				CLANG_WARN_NON_LITERAL_NULL_CONVERSION = YES;
				CLANG_WARN_OBJC_IMPLICIT_RETAIN_SELF = YES;
				CLANG_WARN_OBJC_LITERAL_CONVERSION = YES;
				CLANG_WARN_OBJC_ROOT_CLASS = YES_ERROR;
				CLANG_WARN_QUOTED_INCLUDE_IN_FRAMEWORK_HEADER = YES;
				CLANG_WARN_RANGE_LOOP_ANALYSIS = YES;
				CLANG_WARN_STRICT_PROTOTYPES = YES;
				CLANG_WARN_SUSPICIOUS_MOVE = YES;
				CLANG_WARN_UNGUARDED_AVAILABILITY = YES_AGGRESSIVE;
				CLANG_WARN_UNREACHABLE_CODE = YES;
				CLANG_WARN__DUPLICATE_METHOD_MATCH = YES;
				COPY_PHASE_STRIP = NO;
				DEBUG_INFORMATION_FORMAT = "dwarf-with-dsym";
				ENABLE_NS_ASSERTIONS = NO;
				ENABLE_STRICT_OBJC_MSGSEND = YES;
				ENABLE_USER_SCRIPT_SANDBOXING = YES;
				GCC_C_LANGUAGE_STANDARD = gnu17;
				GCC_NO_COMMON_BLOCKS = YES;
				GCC_WARN_64_TO_32_BIT_CONVERSION = YES;
				GCC_WARN_ABOUT_RETURN_TYPE = YES_ERROR;
				GCC_WARN_UNDECLARED_SELECTOR = YES;
				GCC_WARN_UNINITIALIZED_AUTOS = YES_AGGRESSIVE;
				GCC_WARN_UNUSED_FUNCTION = YES;
				GCC_WARN_UNUSED_VARIABLE = YES;
				IPHONEOS_DEPLOYMENT_TARGET = 17.2;
				LOCALIZATION_PREFERS_STRING_CATALOGS = YES;
				MTL_ENABLE_DEBUG_INFO = NO;
				MTL_FAST_MATH = YES;
				SDKROOT = iphoneos;
				SWIFT_COMPILATION_MODE = wholemodule;
				VALIDATE_PRODUCT = YES;
			};
			name = Release;
		};
		8B9673952B36187E00FD2E7C /* Debug */ = {
			isa = XCBuildConfiguration;
			buildSettings = {
				ASSETCATALOG_COMPILER_APPICON_NAME = AppIcon;
				ASSETCATALOG_COMPILER_GLOBAL_ACCENT_COLOR_NAME = AccentColor;
				CODE_SIGN_ENTITLEMENTS = Registry/Registry.entitlements;
				CODE_SIGN_STYLE = Automatic;
				CURRENT_PROJECT_VERSION = 1;
				DEVELOPMENT_ASSET_PATHS = "\"Registry/Preview Content\"";
				DEVELOPMENT_TEAM = WQ6FU7ZZ8T;
				ENABLE_PREVIEWS = YES;
				GENERATE_INFOPLIST_FILE = YES;
				INFOPLIST_FILE = Registry/Info.plist;
				INFOPLIST_KEY_UIApplicationSceneManifest_Generation = YES;
				INFOPLIST_KEY_UIApplicationSupportsIndirectInputEvents = YES;
				INFOPLIST_KEY_UILaunchScreen_Generation = YES;
				INFOPLIST_KEY_UISupportedInterfaceOrientations = "UIInterfaceOrientationLandscapeLeft UIInterfaceOrientationLandscapeRight UIInterfaceOrientationPortrait";
				INFOPLIST_KEY_UISupportedInterfaceOrientations_iPad = UIInterfaceOrientationLandscapeRight;
				LD_RUNPATH_SEARCH_PATHS = (
					"$(inherited)",
					"@executable_path/Frameworks",
				);
				MARKETING_VERSION = 1.0;
				PRODUCT_BUNDLE_IDENTIFIER = com.yourcompany.Registry;
				PRODUCT_NAME = "$(TARGET_NAME)";
				SUPPORTED_PLATFORMS = "iphoneos iphonesimulator";
				SUPPORTS_MACCATALYST = NO;
				SUPPORTS_MAC_DESIGNED_FOR_IPHONE_IPAD = NO;
				SWIFT_EMIT_LOC_STRINGS = YES;
				SWIFT_VERSION = 5.0;
				TARGETED_DEVICE_FAMILY = 2;
			};
			name = Debug;
		};
		8B9673962B36187E00FD2E7C /* Release */ = {
			isa = XCBuildConfiguration;
			buildSettings = {
				ASSETCATALOG_COMPILER_APPICON_NAME = AppIcon;
				ASSETCATALOG_COMPILER_GLOBAL_ACCENT_COLOR_NAME = AccentColor;
				CODE_SIGN_ENTITLEMENTS = Registry/Registry.entitlements;
				CODE_SIGN_STYLE = Automatic;
				CURRENT_PROJECT_VERSION = 1;
				DEVELOPMENT_ASSET_PATHS = "\"Registry/Preview Content\"";
				DEVELOPMENT_TEAM = WQ6FU7ZZ8T;
				ENABLE_PREVIEWS = YES;
				GENERATE_INFOPLIST_FILE = YES;
				INFOPLIST_FILE = Registry/Info.plist;
				INFOPLIST_KEY_UIApplicationSceneManifest_Generation = YES;
				INFOPLIST_KEY_UIApplicationSupportsIndirectInputEvents = YES;
				INFOPLIST_KEY_UILaunchScreen_Generation = YES;
				INFOPLIST_KEY_UISupportedInterfaceOrientations = "UIInterfaceOrientationLandscapeLeft UIInterfaceOrientationLandscapeRight UIInterfaceOrientationPortrait";
				INFOPLIST_KEY_UISupportedInterfaceOrientations_iPad = UIInterfaceOrientationLandscapeRight;
				LD_RUNPATH_SEARCH_PATHS = (
					"$(inherited)",
					"@executable_path/Frameworks",
				);
				MARKETING_VERSION = 1.0;
				PRODUCT_BUNDLE_IDENTIFIER = com.yourcompany.Registry;
				PRODUCT_NAME = "$(TARGET_NAME)";
				SUPPORTED_PLATFORMS = "iphoneos iphonesimulator";
				SUPPORTS_MACCATALYST = NO;
				SUPPORTS_MAC_DESIGNED_FOR_IPHONE_IPAD = NO;
				SWIFT_EMIT_LOC_STRINGS = YES;
				SWIFT_VERSION = 5.0;
				TARGETED_DEVICE_FAMILY = 2;
			};
			name = Release;
		};
/* End XCBuildConfiguration section */

/* Begin XCConfigurationList section */
		8B96737D2B36187D00FD2E7C /* Build configuration list for PBXProject "Registry" */ = {
			isa = XCConfigurationList;
			buildConfigurations = (
				8B9673922B36187E00FD2E7C /* Debug */,
				8B9673932B36187E00FD2E7C /* Release */,
			);
			defaultConfigurationIsVisible = 0;
			defaultConfigurationName = Release;
		};
		8B9673942B36187E00FD2E7C /* Build configuration list for PBXNativeTarget "Registry" */ = {
			isa = XCConfigurationList;
			buildConfigurations = (
				8B9673952B36187E00FD2E7C /* Debug */,
				8B9673962B36187E00FD2E7C /* Release */,
			);
			defaultConfigurationIsVisible = 0;
			defaultConfigurationName = Release;
		};
/* End XCConfigurationList section */

/* Begin XCRemoteSwiftPackageReference section */
		8B7D5C7B2B592B3400E46AD8 /* XCRemoteSwiftPackageReference "swift-algorithms" */ = {
			isa = XCRemoteSwiftPackageReference;
			repositoryURL = "https://github.com/apple/swift-algorithms.git";
			requirement = {
				kind = upToNextMajorVersion;
				minimumVersion = 1.2.0;
			};
		};
/* End XCRemoteSwiftPackageReference section */

/* Begin XCSwiftPackageProductDependency section */
		8B7D5C7C2B592B3400E46AD8 /* Algorithms */ = {
			isa = XCSwiftPackageProductDependency;
			package = 8B7D5C7B2B592B3400E46AD8 /* XCRemoteSwiftPackageReference "swift-algorithms" */;
			productName = Algorithms;
		};
/* End XCSwiftPackageProductDependency section */
	};
	rootObject = 8B96737A2B36187D00FD2E7C /* Project object */;
}
